// !$*UTF8*$!
{
	archiveVersion = 1;
	classes = {
	};
	objectVersion = 46;
	objects = {

/* Begin PBXBuildFile section */
		78CC133815D3D84A00972EA6 /* icon_57.png in Resources */ = {isa = PBXBuildFile; fileRef = 78CC133715D3D84A00972EA6 /* icon_57.png */; };
		78CC133A15D3D85400972EA6 /* icon_114.png in Resources */ = {isa = PBXBuildFile; fileRef = 78CC133915D3D85400972EA6 /* icon_114.png */; };
		78ED794E15C66FC6007C5BD5 /* UIKit.framework in Frameworks */ = {isa = PBXBuildFile; fileRef = 78ED794D15C66FC6007C5BD5 /* UIKit.framework */; };
		78ED795015C66FC6007C5BD5 /* Foundation.framework in Frameworks */ = {isa = PBXBuildFile; fileRef = 78ED794F15C66FC6007C5BD5 /* Foundation.framework */; };
		78ED795215C66FC6007C5BD5 /* CoreGraphics.framework in Frameworks */ = {isa = PBXBuildFile; fileRef = 78ED795115C66FC6007C5BD5 /* CoreGraphics.framework */; };
		78ED795815C66FC6007C5BD5 /* InfoPlist.strings in Resources */ = {isa = PBXBuildFile; fileRef = 78ED795615C66FC6007C5BD5 /* InfoPlist.strings */; };
		78ED795A15C66FC6007C5BD5 /* main.m in Sources */ = {isa = PBXBuildFile; fileRef = 78ED795915C66FC6007C5BD5 /* main.m */; };
		78ED795E15C66FC6007C5BD5 /* ApplifierImpactAppDelegate.m in Sources */ = {isa = PBXBuildFile; fileRef = 78ED795D15C66FC6007C5BD5 /* ApplifierImpactAppDelegate.m */; };
		78ED796115C66FC6007C5BD5 /* ApplifierImpactViewController.m in Sources */ = {isa = PBXBuildFile; fileRef = 78ED796015C66FC6007C5BD5 /* ApplifierImpactViewController.m */; };
		78ED796415C66FC6007C5BD5 /* ApplifierImpactViewController.xib in Resources */ = {isa = PBXBuildFile; fileRef = 78ED796215C66FC6007C5BD5 /* ApplifierImpactViewController.xib */; };
		78ED798315C6962C007C5BD5 /* AVFoundation.framework in Frameworks */ = {isa = PBXBuildFile; fileRef = 78ED798215C6962C007C5BD5 /* AVFoundation.framework */; };
		78ED798B15C6B04D007C5BD5 /* CoreMedia.framework in Frameworks */ = {isa = PBXBuildFile; fileRef = 78ED798A15C6B04D007C5BD5 /* CoreMedia.framework */; };
		9017B0AB161086A600ACFC04 /* SystemConfiguration.framework in Frameworks */ = {isa = PBXBuildFile; fileRef = 9017B0AA161086A600ACFC04 /* SystemConfiguration.framework */; };
		9038E59415F73CC3009E17BB /* ApplifierImpactCampaignManager.m in Sources */ = {isa = PBXBuildFile; fileRef = 9038E59315F73CC3009E17BB /* ApplifierImpactCampaignManager.m */; };
		9038E5B115F76EA3009E17BB /* ApplifierImpactSBJsonBase.m in Sources */ = {isa = PBXBuildFile; fileRef = 9038E5AE15F76EA3009E17BB /* ApplifierImpactSBJsonBase.m */; settings = {COMPILER_FLAGS = "-fno-objc-arc"; }; };
		9038E5B215F76EA3009E17BB /* ApplifierImpactSBJsonParser.m in Sources */ = {isa = PBXBuildFile; fileRef = 9038E5B015F76EA3009E17BB /* ApplifierImpactSBJsonParser.m */; settings = {COMPILER_FLAGS = "-fno-objc-arc"; }; };
		907454421609C20C00454427 /* AdSupport.framework in Frameworks */ = {isa = PBXBuildFile; fileRef = 907454411609C20C00454427 /* AdSupport.framework */; settings = {ATTRIBUTES = (Weak, ); }; };
		90A3797916009F5F00B4035F /* ApplifierImpactOpenUDID.m in Sources */ = {isa = PBXBuildFile; fileRef = 90A3797816009F5F00B4035F /* ApplifierImpactOpenUDID.m */; settings = {COMPILER_FLAGS = "-fno-objc-arc"; }; };
		90B1F7DC1601AC900080A74C /* Default-568h@2x.png in Resources */ = {isa = PBXBuildFile; fileRef = 90B1F7DB1601AC900080A74C /* Default-568h@2x.png */; };
		90B1F7E01601AD450080A74C /* ApplifierImpactAnalyticsUploader.m in Sources */ = {isa = PBXBuildFile; fileRef = 90B1F7DF1601AD440080A74C /* ApplifierImpactAnalyticsUploader.m */; };
		F642682F16088B7C0005B83A /* StoreKit.framework in Frameworks */ = {isa = PBXBuildFile; fileRef = F642682E16088B7C0005B83A /* StoreKit.framework */; };
		F64268381608A0D70005B83A /* impact-waiting.png in Resources */ = {isa = PBXBuildFile; fileRef = F64268361608A0D70005B83A /* impact-waiting.png */; };
		F64268391608A0D70005B83A /* impact-ready.png in Resources */ = {isa = PBXBuildFile; fileRef = F64268371608A0D70005B83A /* impact-ready.png */; };
		F67203E815F6142A00807527 /* ApplifierImpact.m in Sources */ = {isa = PBXBuildFile; fileRef = F67203E715F6142A00807527 /* ApplifierImpact.m */; };
		F67A4F0815F62EA500653CF2 /* ApplifierImpactiOS4.m in Sources */ = {isa = PBXBuildFile; fileRef = F67A4F0715F62EA500653CF2 /* ApplifierImpactiOS4.m */; };
		F684EDF915F8CDC2004F1C78 /* ApplifierImpactCampaign.m in Sources */ = {isa = PBXBuildFile; fileRef = F684EDF815F8CDC2004F1C78 /* ApplifierImpactCampaign.m */; };
		F684EDFC15F8CDFA004F1C78 /* ApplifierImpactRewardItem.m in Sources */ = {isa = PBXBuildFile; fileRef = F684EDFB15F8CDFA004F1C78 /* ApplifierImpactRewardItem.m */; };
		F684EE0315F8CFB7004F1C78 /* ApplifierImpactCache.m in Sources */ = {isa = PBXBuildFile; fileRef = F684EE0215F8CFB7004F1C78 /* ApplifierImpactCache.m */; };
		F6EE8ED6160B14BC0023EEC3 /* ApplifierImpactViewManager.m in Sources */ = {isa = PBXBuildFile; fileRef = F6EE8ED5160B14BC0023EEC3 /* ApplifierImpactViewManager.m */; };
/* End PBXBuildFile section */

/* Begin PBXFileReference section */
		78CC133715D3D84A00972EA6 /* icon_57.png */ = {isa = PBXFileReference; lastKnownFileType = image.png; path = icon_57.png; sourceTree = "<group>"; };
		78CC133915D3D85400972EA6 /* icon_114.png */ = {isa = PBXFileReference; lastKnownFileType = image.png; path = icon_114.png; sourceTree = "<group>"; };
		78ED794915C66FC6007C5BD5 /* ImpactProto.app */ = {isa = PBXFileReference; explicitFileType = wrapper.application; includeInIndex = 0; path = ImpactProto.app; sourceTree = BUILT_PRODUCTS_DIR; };
		78ED794D15C66FC6007C5BD5 /* UIKit.framework */ = {isa = PBXFileReference; lastKnownFileType = wrapper.framework; name = UIKit.framework; path = System/Library/Frameworks/UIKit.framework; sourceTree = SDKROOT; };
		78ED794F15C66FC6007C5BD5 /* Foundation.framework */ = {isa = PBXFileReference; lastKnownFileType = wrapper.framework; name = Foundation.framework; path = System/Library/Frameworks/Foundation.framework; sourceTree = SDKROOT; };
		78ED795115C66FC6007C5BD5 /* CoreGraphics.framework */ = {isa = PBXFileReference; lastKnownFileType = wrapper.framework; name = CoreGraphics.framework; path = System/Library/Frameworks/CoreGraphics.framework; sourceTree = SDKROOT; };
		78ED795515C66FC6007C5BD5 /* ImpactProto-Info.plist */ = {isa = PBXFileReference; lastKnownFileType = text.plist.xml; path = "ImpactProto-Info.plist"; sourceTree = "<group>"; };
		78ED795715C66FC6007C5BD5 /* en */ = {isa = PBXFileReference; lastKnownFileType = text.plist.strings; name = en; path = en.lproj/InfoPlist.strings; sourceTree = "<group>"; };
		78ED795915C66FC6007C5BD5 /* main.m */ = {isa = PBXFileReference; lastKnownFileType = sourcecode.c.objc; path = main.m; sourceTree = "<group>"; };
		78ED795B15C66FC6007C5BD5 /* ImpactProto-Prefix.pch */ = {isa = PBXFileReference; lastKnownFileType = sourcecode.c.h; path = "ImpactProto-Prefix.pch"; sourceTree = "<group>"; };
		78ED795C15C66FC6007C5BD5 /* ApplifierImpactAppDelegate.h */ = {isa = PBXFileReference; lastKnownFileType = sourcecode.c.h; path = ApplifierImpactAppDelegate.h; sourceTree = "<group>"; };
		78ED795D15C66FC6007C5BD5 /* ApplifierImpactAppDelegate.m */ = {isa = PBXFileReference; lastKnownFileType = sourcecode.c.objc; path = ApplifierImpactAppDelegate.m; sourceTree = "<group>"; };
		78ED795F15C66FC6007C5BD5 /* ApplifierImpactViewController.h */ = {isa = PBXFileReference; lastKnownFileType = sourcecode.c.h; path = ApplifierImpactViewController.h; sourceTree = "<group>"; };
		78ED796015C66FC6007C5BD5 /* ApplifierImpactViewController.m */ = {isa = PBXFileReference; lastKnownFileType = sourcecode.c.objc; path = ApplifierImpactViewController.m; sourceTree = "<group>"; };
		78ED796315C66FC6007C5BD5 /* en */ = {isa = PBXFileReference; lastKnownFileType = file.xib; name = en; path = en.lproj/ApplifierImpactViewController.xib; sourceTree = "<group>"; };
		78ED798215C6962C007C5BD5 /* AVFoundation.framework */ = {isa = PBXFileReference; lastKnownFileType = wrapper.framework; name = AVFoundation.framework; path = System/Library/Frameworks/AVFoundation.framework; sourceTree = SDKROOT; };
		78ED798A15C6B04D007C5BD5 /* CoreMedia.framework */ = {isa = PBXFileReference; lastKnownFileType = wrapper.framework; name = CoreMedia.framework; path = System/Library/Frameworks/CoreMedia.framework; sourceTree = SDKROOT; };
		9017B0AA161086A600ACFC04 /* SystemConfiguration.framework */ = {isa = PBXFileReference; lastKnownFileType = wrapper.framework; name = SystemConfiguration.framework; path = System/Library/Frameworks/SystemConfiguration.framework; sourceTree = SDKROOT; };
		9038E59215F73CC3009E17BB /* ApplifierImpactCampaignManager.h */ = {isa = PBXFileReference; fileEncoding = 4; lastKnownFileType = sourcecode.c.h; path = ApplifierImpactCampaignManager.h; sourceTree = "<group>"; };
		9038E59315F73CC3009E17BB /* ApplifierImpactCampaignManager.m */ = {isa = PBXFileReference; fileEncoding = 4; lastKnownFileType = sourcecode.c.objc; path = ApplifierImpactCampaignManager.m; sourceTree = "<group>"; };
		9038E5AD15F76EA3009E17BB /* ApplifierImpactSBJsonBase.h */ = {isa = PBXFileReference; fileEncoding = 4; lastKnownFileType = sourcecode.c.h; path = ApplifierImpactSBJsonBase.h; sourceTree = "<group>"; };
		9038E5AE15F76EA3009E17BB /* ApplifierImpactSBJsonBase.m */ = {isa = PBXFileReference; fileEncoding = 4; lastKnownFileType = sourcecode.c.objc; path = ApplifierImpactSBJsonBase.m; sourceTree = "<group>"; };
		9038E5AF15F76EA3009E17BB /* ApplifierImpactSBJsonParser.h */ = {isa = PBXFileReference; fileEncoding = 4; lastKnownFileType = sourcecode.c.h; path = ApplifierImpactSBJsonParser.h; sourceTree = "<group>"; };
		9038E5B015F76EA3009E17BB /* ApplifierImpactSBJsonParser.m */ = {isa = PBXFileReference; fileEncoding = 4; lastKnownFileType = sourcecode.c.objc; path = ApplifierImpactSBJsonParser.m; sourceTree = "<group>"; };
		907454411609C20C00454427 /* AdSupport.framework */ = {isa = PBXFileReference; lastKnownFileType = wrapper.framework; name = AdSupport.framework; path = System/Library/Frameworks/AdSupport.framework; sourceTree = SDKROOT; };
		90A3797716009F5F00B4035F /* ApplifierImpactOpenUDID.h */ = {isa = PBXFileReference; fileEncoding = 4; lastKnownFileType = sourcecode.c.h; path = ApplifierImpactOpenUDID.h; sourceTree = "<group>"; };
		90A3797816009F5F00B4035F /* ApplifierImpactOpenUDID.m */ = {isa = PBXFileReference; fileEncoding = 4; lastKnownFileType = sourcecode.c.objc; path = ApplifierImpactOpenUDID.m; sourceTree = "<group>"; };
		90B1F7DB1601AC900080A74C /* Default-568h@2x.png */ = {isa = PBXFileReference; lastKnownFileType = image.png; name = "Default-568h@2x.png"; path = "../Default-568h@2x.png"; sourceTree = "<group>"; };
		90B1F7DE1601AD440080A74C /* ApplifierImpactAnalyticsUploader.h */ = {isa = PBXFileReference; fileEncoding = 4; lastKnownFileType = sourcecode.c.h; path = ApplifierImpactAnalyticsUploader.h; sourceTree = "<group>"; };
		90B1F7DF1601AD440080A74C /* ApplifierImpactAnalyticsUploader.m */ = {isa = PBXFileReference; fileEncoding = 4; lastKnownFileType = sourcecode.c.objc; path = ApplifierImpactAnalyticsUploader.m; sourceTree = "<group>"; };
		F642682E16088B7C0005B83A /* StoreKit.framework */ = {isa = PBXFileReference; lastKnownFileType = wrapper.framework; name = StoreKit.framework; path = System/Library/Frameworks/StoreKit.framework; sourceTree = SDKROOT; };
		F64268361608A0D70005B83A /* impact-waiting.png */ = {isa = PBXFileReference; lastKnownFileType = image.png; path = "impact-waiting.png"; sourceTree = "<group>"; };
		F64268371608A0D70005B83A /* impact-ready.png */ = {isa = PBXFileReference; lastKnownFileType = image.png; path = "impact-ready.png"; sourceTree = "<group>"; };
		F67203E615F6142A00807527 /* ApplifierImpact.h */ = {isa = PBXFileReference; fileEncoding = 4; lastKnownFileType = sourcecode.c.h; path = ApplifierImpact.h; sourceTree = "<group>"; };
		F67203E715F6142A00807527 /* ApplifierImpact.m */ = {isa = PBXFileReference; fileEncoding = 4; lastKnownFileType = sourcecode.c.objc; path = ApplifierImpact.m; sourceTree = "<group>"; };
		F67A4F0615F62EA500653CF2 /* ApplifierImpactiOS4.h */ = {isa = PBXFileReference; fileEncoding = 4; lastKnownFileType = sourcecode.c.h; path = ApplifierImpactiOS4.h; sourceTree = "<group>"; };
		F67A4F0715F62EA500653CF2 /* ApplifierImpactiOS4.m */ = {isa = PBXFileReference; fileEncoding = 4; lastKnownFileType = sourcecode.c.objc; path = ApplifierImpactiOS4.m; sourceTree = "<group>"; };
		F684EDF715F8CDC2004F1C78 /* ApplifierImpactCampaign.h */ = {isa = PBXFileReference; fileEncoding = 4; lastKnownFileType = sourcecode.c.h; path = ApplifierImpactCampaign.h; sourceTree = "<group>"; };
		F684EDF815F8CDC2004F1C78 /* ApplifierImpactCampaign.m */ = {isa = PBXFileReference; fileEncoding = 4; lastKnownFileType = sourcecode.c.objc; path = ApplifierImpactCampaign.m; sourceTree = "<group>"; };
		F684EDFA15F8CDFA004F1C78 /* ApplifierImpactRewardItem.h */ = {isa = PBXFileReference; fileEncoding = 4; lastKnownFileType = sourcecode.c.h; path = ApplifierImpactRewardItem.h; sourceTree = "<group>"; };
		F684EDFB15F8CDFA004F1C78 /* ApplifierImpactRewardItem.m */ = {isa = PBXFileReference; fileEncoding = 4; lastKnownFileType = sourcecode.c.objc; path = ApplifierImpactRewardItem.m; sourceTree = "<group>"; };
		F684EE0115F8CFB7004F1C78 /* ApplifierImpactCache.h */ = {isa = PBXFileReference; fileEncoding = 4; lastKnownFileType = sourcecode.c.h; path = ApplifierImpactCache.h; sourceTree = "<group>"; };
		F684EE0215F8CFB7004F1C78 /* ApplifierImpactCache.m */ = {isa = PBXFileReference; fileEncoding = 4; lastKnownFileType = sourcecode.c.objc; path = ApplifierImpactCache.m; sourceTree = "<group>"; };
		F6EE8ED4160B14BC0023EEC3 /* ApplifierImpactViewManager.h */ = {isa = PBXFileReference; fileEncoding = 4; lastKnownFileType = sourcecode.c.h; path = ApplifierImpactViewManager.h; sourceTree = "<group>"; };
		F6EE8ED5160B14BC0023EEC3 /* ApplifierImpactViewManager.m */ = {isa = PBXFileReference; fileEncoding = 4; lastKnownFileType = sourcecode.c.objc; path = ApplifierImpactViewManager.m; sourceTree = "<group>"; };
/* End PBXFileReference section */

/* Begin PBXFrameworksBuildPhase section */
		78ED794615C66FC6007C5BD5 /* Frameworks */ = {
			isa = PBXFrameworksBuildPhase;
			buildActionMask = 2147483647;
			files = (
				9017B0AB161086A600ACFC04 /* SystemConfiguration.framework in Frameworks */,
				907454421609C20C00454427 /* AdSupport.framework in Frameworks */,
				F642682F16088B7C0005B83A /* StoreKit.framework in Frameworks */,
				78ED798B15C6B04D007C5BD5 /* CoreMedia.framework in Frameworks */,
				78ED798315C6962C007C5BD5 /* AVFoundation.framework in Frameworks */,
				78ED794E15C66FC6007C5BD5 /* UIKit.framework in Frameworks */,
				78ED795015C66FC6007C5BD5 /* Foundation.framework in Frameworks */,
				78ED795215C66FC6007C5BD5 /* CoreGraphics.framework in Frameworks */,
			);
			runOnlyForDeploymentPostprocessing = 0;
		};
/* End PBXFrameworksBuildPhase section */

/* Begin PBXGroup section */
		78ED793E15C66FC6007C5BD5 = {
			isa = PBXGroup;
			children = (
				F67203E515F6142A00807527 /* ApplifierImpact */,
				78CC133915D3D85400972EA6 /* icon_114.png */,
				78CC133715D3D84A00972EA6 /* icon_57.png */,
				78ED797315C67398007C5BD5 /* Assets */,
				78ED795315C66FC6007C5BD5 /* ImpactProto */,
				78ED794C15C66FC6007C5BD5 /* Frameworks */,
				78ED794A15C66FC6007C5BD5 /* Products */,
			);
			sourceTree = "<group>";
		};
		78ED794A15C66FC6007C5BD5 /* Products */ = {
			isa = PBXGroup;
			children = (
				78ED794915C66FC6007C5BD5 /* ImpactProto.app */,
			);
			name = Products;
			sourceTree = "<group>";
		};
		78ED794C15C66FC6007C5BD5 /* Frameworks */ = {
			isa = PBXGroup;
			children = (
				9017B0AA161086A600ACFC04 /* SystemConfiguration.framework */,
				907454411609C20C00454427 /* AdSupport.framework */,
				F642682E16088B7C0005B83A /* StoreKit.framework */,
				78ED798A15C6B04D007C5BD5 /* CoreMedia.framework */,
				78ED798215C6962C007C5BD5 /* AVFoundation.framework */,
				78ED794D15C66FC6007C5BD5 /* UIKit.framework */,
				78ED794F15C66FC6007C5BD5 /* Foundation.framework */,
				78ED795115C66FC6007C5BD5 /* CoreGraphics.framework */,
			);
			name = Frameworks;
			sourceTree = "<group>";
		};
		78ED795315C66FC6007C5BD5 /* ImpactProto */ = {
			isa = PBXGroup;
			children = (
				78ED795C15C66FC6007C5BD5 /* ApplifierImpactAppDelegate.h */,
				78ED795D15C66FC6007C5BD5 /* ApplifierImpactAppDelegate.m */,
				78ED795F15C66FC6007C5BD5 /* ApplifierImpactViewController.h */,
				78ED796015C66FC6007C5BD5 /* ApplifierImpactViewController.m */,
				78ED796215C66FC6007C5BD5 /* ApplifierImpactViewController.xib */,
				78ED795415C66FC6007C5BD5 /* Supporting Files */,
			);
			path = ImpactProto;
			sourceTree = "<group>";
		};
		78ED795415C66FC6007C5BD5 /* Supporting Files */ = {
			isa = PBXGroup;
			children = (
				90B1F7DB1601AC900080A74C /* Default-568h@2x.png */,
				78ED795515C66FC6007C5BD5 /* ImpactProto-Info.plist */,
				78ED795615C66FC6007C5BD5 /* InfoPlist.strings */,
				78ED795915C66FC6007C5BD5 /* main.m */,
				78ED795B15C66FC6007C5BD5 /* ImpactProto-Prefix.pch */,
			);
			name = "Supporting Files";
			sourceTree = "<group>";
		};
		78ED797315C67398007C5BD5 /* Assets */ = {
			isa = PBXGroup;
			children = (
				F64268361608A0D70005B83A /* impact-waiting.png */,
				F64268371608A0D70005B83A /* impact-ready.png */,
			);
			name = Assets;
			path = ImpactProto;
			sourceTree = "<group>";
		};
		9038E5AC15F76EA3009E17BB /* SBJSON */ = {
			isa = PBXGroup;
			children = (
				9038E5AD15F76EA3009E17BB /* ApplifierImpactSBJsonBase.h */,
				9038E5AE15F76EA3009E17BB /* ApplifierImpactSBJsonBase.m */,
				9038E5AF15F76EA3009E17BB /* ApplifierImpactSBJsonParser.h */,
				9038E5B015F76EA3009E17BB /* ApplifierImpactSBJsonParser.m */,
			);
			path = SBJSON;
			sourceTree = "<group>";
		};
		90A3797B16009F7900B4035F /* OpenUDID */ = {
			isa = PBXGroup;
			children = (
				90A3797716009F5F00B4035F /* ApplifierImpactOpenUDID.h */,
				90A3797816009F5F00B4035F /* ApplifierImpactOpenUDID.m */,
			);
			name = OpenUDID;
			sourceTree = "<group>";
		};
		F67203E515F6142A00807527 /* ApplifierImpact */ = {
			isa = PBXGroup;
			children = (
				90A3797B16009F7900B4035F /* OpenUDID */,
				9038E5AC15F76EA3009E17BB /* SBJSON */,
				F67203E615F6142A00807527 /* ApplifierImpact.h */,
				F67203E715F6142A00807527 /* ApplifierImpact.m */,
				F67A4F0615F62EA500653CF2 /* ApplifierImpactiOS4.h */,
				F67A4F0715F62EA500653CF2 /* ApplifierImpactiOS4.m */,
				9038E59215F73CC3009E17BB /* ApplifierImpactCampaignManager.h */,
				9038E59315F73CC3009E17BB /* ApplifierImpactCampaignManager.m */,
				F684EDF715F8CDC2004F1C78 /* ApplifierImpactCampaign.h */,
				F684EDF815F8CDC2004F1C78 /* ApplifierImpactCampaign.m */,
				F684EDFA15F8CDFA004F1C78 /* ApplifierImpactRewardItem.h */,
				F684EDFB15F8CDFA004F1C78 /* ApplifierImpactRewardItem.m */,
				F684EE0115F8CFB7004F1C78 /* ApplifierImpactCache.h */,
				F684EE0215F8CFB7004F1C78 /* ApplifierImpactCache.m */,
				90B1F7DE1601AD440080A74C /* ApplifierImpactAnalyticsUploader.h */,
				90B1F7DF1601AD440080A74C /* ApplifierImpactAnalyticsUploader.m */,
				F6EE8ED4160B14BC0023EEC3 /* ApplifierImpactViewManager.h */,
				F6EE8ED5160B14BC0023EEC3 /* ApplifierImpactViewManager.m */,
			);
			name = ApplifierImpact;
			path = ../ApplifierImpact;
			sourceTree = "<group>";
		};
/* End PBXGroup section */

/* Begin PBXNativeTarget section */
		78ED794815C66FC6007C5BD5 /* ImpactProto */ = {
			isa = PBXNativeTarget;
			buildConfigurationList = 78ED796715C66FC6007C5BD5 /* Build configuration list for PBXNativeTarget "ImpactProto" */;
			buildPhases = (
				78ED794515C66FC6007C5BD5 /* Sources */,
				78ED794615C66FC6007C5BD5 /* Frameworks */,
				78ED794715C66FC6007C5BD5 /* Resources */,
			);
			buildRules = (
			);
			dependencies = (
			);
			name = ImpactProto;
			productName = ImpactProto;
			productReference = 78ED794915C66FC6007C5BD5 /* ImpactProto.app */;
			productType = "com.apple.product-type.application";
		};
/* End PBXNativeTarget section */

/* Begin PBXProject section */
		78ED794015C66FC6007C5BD5 /* Project object */ = {
			isa = PBXProject;
			attributes = {
				CLASSPREFIX = ApplifierImpact;
				LastUpgradeCheck = 0440;
				ORGANIZATIONNAME = Applifier;
			};
			buildConfigurationList = 78ED794315C66FC6007C5BD5 /* Build configuration list for PBXProject "ImpactProto" */;
			compatibilityVersion = "Xcode 3.2";
			developmentRegion = English;
			hasScannedForEncodings = 0;
			knownRegions = (
				en,
			);
			mainGroup = 78ED793E15C66FC6007C5BD5;
			productRefGroup = 78ED794A15C66FC6007C5BD5 /* Products */;
			projectDirPath = "";
			projectRoot = "";
			targets = (
				78ED794815C66FC6007C5BD5 /* ImpactProto */,
			);
		};
/* End PBXProject section */

/* Begin PBXResourcesBuildPhase section */
		78ED794715C66FC6007C5BD5 /* Resources */ = {
			isa = PBXResourcesBuildPhase;
			buildActionMask = 2147483647;
			files = (
				78ED795815C66FC6007C5BD5 /* InfoPlist.strings in Resources */,
				78ED796415C66FC6007C5BD5 /* ApplifierImpactViewController.xib in Resources */,
				78CC133815D3D84A00972EA6 /* icon_57.png in Resources */,
				78CC133A15D3D85400972EA6 /* icon_114.png in Resources */,
				90B1F7DC1601AC900080A74C /* Default-568h@2x.png in Resources */,
				F64268381608A0D70005B83A /* impact-waiting.png in Resources */,
				F64268391608A0D70005B83A /* impact-ready.png in Resources */,
			);
			runOnlyForDeploymentPostprocessing = 0;
		};
/* End PBXResourcesBuildPhase section */

/* Begin PBXSourcesBuildPhase section */
		78ED794515C66FC6007C5BD5 /* Sources */ = {
			isa = PBXSourcesBuildPhase;
			buildActionMask = 2147483647;
			files = (
				78ED795A15C66FC6007C5BD5 /* main.m in Sources */,
				78ED795E15C66FC6007C5BD5 /* ApplifierImpactAppDelegate.m in Sources */,
				78ED796115C66FC6007C5BD5 /* ApplifierImpactViewController.m in Sources */,
				F67203E815F6142A00807527 /* ApplifierImpact.m in Sources */,
				F67A4F0815F62EA500653CF2 /* ApplifierImpactiOS4.m in Sources */,
				9038E59415F73CC3009E17BB /* ApplifierImpactCampaignManager.m in Sources */,
				9038E5B115F76EA3009E17BB /* ApplifierImpactSBJsonBase.m in Sources */,
				9038E5B215F76EA3009E17BB /* ApplifierImpactSBJsonParser.m in Sources */,
				F684EDF915F8CDC2004F1C78 /* ApplifierImpactCampaign.m in Sources */,
				F684EDFC15F8CDFA004F1C78 /* ApplifierImpactRewardItem.m in Sources */,
				F684EE0315F8CFB7004F1C78 /* ApplifierImpactCache.m in Sources */,
				90A3797916009F5F00B4035F /* ApplifierImpactOpenUDID.m in Sources */,
				90B1F7E01601AD450080A74C /* ApplifierImpactAnalyticsUploader.m in Sources */,
				F6EE8ED6160B14BC0023EEC3 /* ApplifierImpactViewManager.m in Sources */,
			);
			runOnlyForDeploymentPostprocessing = 0;
		};
/* End PBXSourcesBuildPhase section */

/* Begin PBXVariantGroup section */
		78ED795615C66FC6007C5BD5 /* InfoPlist.strings */ = {
			isa = PBXVariantGroup;
			children = (
				78ED795715C66FC6007C5BD5 /* en */,
			);
			name = InfoPlist.strings;
			sourceTree = "<group>";
		};
		78ED796215C66FC6007C5BD5 /* ApplifierImpactViewController.xib */ = {
			isa = PBXVariantGroup;
			children = (
				78ED796315C66FC6007C5BD5 /* en */,
			);
			name = ApplifierImpactViewController.xib;
			sourceTree = "<group>";
		};
/* End PBXVariantGroup section */

/* Begin XCBuildConfiguration section */
		78ED796515C66FC6007C5BD5 /* Debug */ = {
			isa = XCBuildConfiguration;
			buildSettings = {
				ALWAYS_SEARCH_USER_PATHS = NO;
				ARCHS = "$(ARCHS_STANDARD_32_BIT)";
				CLANG_ENABLE_OBJC_ARC = YES;
				CODE_SIGN_IDENTITY = "iPhone Developer";
				"CODE_SIGN_IDENTITY[sdk=iphoneos*]" = "iPhone Developer";
				COPY_PHASE_STRIP = NO;
				GCC_C_LANGUAGE_STANDARD = gnu99;
				GCC_DYNAMIC_NO_PIC = NO;
				GCC_OPTIMIZATION_LEVEL = 0;
				GCC_PREPROCESSOR_DEFINITIONS = (
					"DEBUG=1",
					"$(inherited)",
				);
				GCC_SYMBOLS_PRIVATE_EXTERN = NO;
				GCC_VERSION = com.apple.compilers.llvm.clang.1_0;
				GCC_WARN_ABOUT_RETURN_TYPE = YES;
				GCC_WARN_UNINITIALIZED_AUTOS = YES;
				GCC_WARN_UNUSED_VARIABLE = YES;
				IPHONEOS_DEPLOYMENT_TARGET = 5.1;
				PROVISIONING_PROFILE = "";
				"PROVISIONING_PROFILE[sdk=iphoneos*]" = "";
				SDKROOT = iphoneos;
			};
			name = Debug;
		};
		78ED796615C66FC6007C5BD5 /* Release */ = {
			isa = XCBuildConfiguration;
			buildSettings = {
				ALWAYS_SEARCH_USER_PATHS = NO;
				ARCHS = "$(ARCHS_STANDARD_32_BIT)";
				CLANG_ENABLE_OBJC_ARC = YES;
				CODE_SIGN_IDENTITY = "iPhone Developer";
				"CODE_SIGN_IDENTITY[sdk=iphoneos*]" = "iPhone Developer";
				COPY_PHASE_STRIP = YES;
				GCC_C_LANGUAGE_STANDARD = gnu99;
				GCC_VERSION = com.apple.compilers.llvm.clang.1_0;
				GCC_WARN_ABOUT_RETURN_TYPE = YES;
				GCC_WARN_UNINITIALIZED_AUTOS = YES;
				GCC_WARN_UNUSED_VARIABLE = YES;
				IPHONEOS_DEPLOYMENT_TARGET = 5.1;
				OTHER_CFLAGS = "-DNS_BLOCK_ASSERTIONS=1";
				PROVISIONING_PROFILE = "";
				"PROVISIONING_PROFILE[sdk=iphoneos*]" = "";
				SDKROOT = iphoneos;
				VALIDATE_PRODUCT = YES;
			};
			name = Release;
		};
		78ED796815C66FC6007C5BD5 /* Debug */ = {
			isa = XCBuildConfiguration;
			buildSettings = {
				ARCHS = (
					armv7,
					armv6,
				);
				CODE_SIGN_IDENTITY = "iPhone Developer";
				"CODE_SIGN_IDENTITY[sdk=iphoneos*]" = "iPhone Developer";
				GCC_PRECOMPILE_PREFIX_HEADER = YES;
				GCC_PREFIX_HEADER = "ImpactProto/ImpactProto-Prefix.pch";
				GCC_THUMB_SUPPORT = NO;
				INFOPLIST_FILE = "ImpactProto/ImpactProto-Info.plist";
				IPHONEOS_DEPLOYMENT_TARGET = 3.0;
				OTHER_LDFLAGS = (
					"-weak_library",
					/usr/lib/libSystem.B.dylib,
				);
				PRODUCT_NAME = "$(TARGET_NAME)";
				PROVISIONING_PROFILE = "";
				"PROVISIONING_PROFILE[sdk=iphoneos*]" = "";
				WRAPPER_EXTENSION = app;
			};
			name = Debug;
		};
		78ED796915C66FC6007C5BD5 /* Release */ = {
			isa = XCBuildConfiguration;
			buildSettings = {
				ARCHS = (
					armv7,
					armv6,
				);
				CODE_SIGN_IDENTITY = "iPhone Developer";
				"CODE_SIGN_IDENTITY[sdk=iphoneos*]" = "iPhone Developer";
				GCC_PRECOMPILE_PREFIX_HEADER = YES;
				GCC_PREFIX_HEADER = "ImpactProto/ImpactProto-Prefix.pch";
				GCC_THUMB_SUPPORT = NO;
				INFOPLIST_FILE = "ImpactProto/ImpactProto-Info.plist";
				IPHONEOS_DEPLOYMENT_TARGET = 3.0;
				OTHER_LDFLAGS = (
					"-weak_library",
					/usr/lib/libSystem.B.dylib,
				);
				PRODUCT_NAME = "$(TARGET_NAME)";
				PROVISIONING_PROFILE = "";
				"PROVISIONING_PROFILE[sdk=iphoneos*]" = "";
				WRAPPER_EXTENSION = app;
			};
			name = Release;
		};
		78ED799715C6B8F9007C5BD5 /* Ad Hoc Distribution */ = {
			isa = XCBuildConfiguration;
			buildSettings = {
				ALWAYS_SEARCH_USER_PATHS = NO;
				ARCHS = "$(ARCHS_STANDARD_32_BIT)";
				CLANG_ENABLE_OBJC_ARC = YES;
				CODE_SIGN_IDENTITY = "iPhone Developer";
				"CODE_SIGN_IDENTITY[sdk=iphoneos*]" = "iPhone Developer";
				COPY_PHASE_STRIP = YES;
				GCC_C_LANGUAGE_STANDARD = gnu99;
				GCC_VERSION = com.apple.compilers.llvm.clang.1_0;
				GCC_WARN_ABOUT_RETURN_TYPE = YES;
				GCC_WARN_UNINITIALIZED_AUTOS = YES;
				GCC_WARN_UNUSED_VARIABLE = YES;
				IPHONEOS_DEPLOYMENT_TARGET = 5.1;
				OTHER_CFLAGS = "-DNS_BLOCK_ASSERTIONS=1";
				PROVISIONING_PROFILE = "";
				"PROVISIONING_PROFILE[sdk=iphoneos*]" = "";
				SDKROOT = iphoneos;
				VALIDATE_PRODUCT = YES;
			};
			name = "Ad Hoc Distribution";
		};
		78ED799815C6B8F9007C5BD5 /* Ad Hoc Distribution */ = {
			isa = XCBuildConfiguration;
			buildSettings = {
				ARCHS = (
					armv7,
					armv6,
				);
				CODE_SIGN_IDENTITY = "iPhone Developer";
				"CODE_SIGN_IDENTITY[sdk=iphoneos*]" = "iPhone Developer";
				GCC_PRECOMPILE_PREFIX_HEADER = YES;
				GCC_PREFIX_HEADER = "ImpactProto/ImpactProto-Prefix.pch";
				GCC_THUMB_SUPPORT = NO;
				INFOPLIST_FILE = "ImpactProto/ImpactProto-Info.plist";
				IPHONEOS_DEPLOYMENT_TARGET = 3.0;
				OTHER_LDFLAGS = (
					"-weak_library",
					/usr/lib/libSystem.B.dylib,
				);
				PRODUCT_NAME = "$(TARGET_NAME)";
				PROVISIONING_PROFILE = "";
				"PROVISIONING_PROFILE[sdk=iphoneos*]" = "";
				WRAPPER_EXTENSION = app;
			};
			name = "Ad Hoc Distribution";
		};
/* End XCBuildConfiguration section */

/* Begin XCConfigurationList section */
		78ED794315C66FC6007C5BD5 /* Build configuration list for PBXProject "ImpactProto" */ = {
			isa = XCConfigurationList;
			buildConfigurations = (
				78ED796515C66FC6007C5BD5 /* Debug */,
				78ED796615C66FC6007C5BD5 /* Release */,
				78ED799715C6B8F9007C5BD5 /* Ad Hoc Distribution */,
			);
			defaultConfigurationIsVisible = 0;
			defaultConfigurationName = Release;
		};
		78ED796715C66FC6007C5BD5 /* Build configuration list for PBXNativeTarget "ImpactProto" */ = {
			isa = XCConfigurationList;
			buildConfigurations = (
				78ED796815C66FC6007C5BD5 /* Debug */,
				78ED796915C66FC6007C5BD5 /* Release */,
				78ED799815C6B8F9007C5BD5 /* Ad Hoc Distribution */,
			);
			defaultConfigurationIsVisible = 0;
			defaultConfigurationName = Release;
		};
/* End XCConfigurationList section */
	};
	rootObject = 78ED794015C66FC6007C5BD5 /* Project object */;
}
