// !$*UTF8*$!
{
	archiveVersion = 1;
	classes = {
	};
	objectVersion = 46;
	objects = {

/* Begin PBXBuildFile section */
		78057A121643CADB005EF487 /* ApplifierImpactProperties.h in Headers */ = {isa = PBXBuildFile; fileRef = 78057A0E1643CADB005EF487 /* ApplifierImpactProperties.h */; };
		78057A131643CADB005EF487 /* ApplifierImpactProperties.m in Sources */ = {isa = PBXBuildFile; fileRef = 78057A0F1643CADB005EF487 /* ApplifierImpactProperties.m */; };
		784E9314165245DC009667F6 /* ApplifierImpactSBJsonParser.h in Headers */ = {isa = PBXBuildFile; fileRef = 784E930D165245DC009667F6 /* ApplifierImpactSBJsonParser.h */; };
		784E9315165245DC009667F6 /* ApplifierImpactSBJsonParser.m in Sources */ = {isa = PBXBuildFile; fileRef = 784E930E165245DC009667F6 /* ApplifierImpactSBJsonParser.m */; };
		784E9316165245DC009667F6 /* ApplifierImpactSBJsonWriter.h in Headers */ = {isa = PBXBuildFile; fileRef = 784E930F165245DC009667F6 /* ApplifierImpactSBJsonWriter.h */; };
		784E9317165245DC009667F6 /* ApplifierImpactSBJsonWriter.m in Sources */ = {isa = PBXBuildFile; fileRef = 784E9310165245DC009667F6 /* ApplifierImpactSBJsonWriter.m */; };
		784E9318165245DC009667F6 /* NSObject+ApplifierImpactSBJson.h in Headers */ = {isa = PBXBuildFile; fileRef = 784E9311165245DC009667F6 /* NSObject+ApplifierImpactSBJson.h */; };
		784E9319165245DC009667F6 /* NSObject+ApplifierImpactSBJson.m in Sources */ = {isa = PBXBuildFile; fileRef = 784E9312165245DC009667F6 /* NSObject+ApplifierImpactSBJson.m */; };
		784E9322165246A6009667F6 /* ApplifierImpactSBJsonStreamParser.h in Headers */ = {isa = PBXBuildFile; fileRef = 784E931A165246A6009667F6 /* ApplifierImpactSBJsonStreamParser.h */; };
		784E9323165246A6009667F6 /* ApplifierImpactSBJsonStreamParser.m in Sources */ = {isa = PBXBuildFile; fileRef = 784E931B165246A6009667F6 /* ApplifierImpactSBJsonStreamParser.m */; };
		784E9324165246A6009667F6 /* ApplifierImpactSBJsonStreamParserAccumulator.h in Headers */ = {isa = PBXBuildFile; fileRef = 784E931C165246A6009667F6 /* ApplifierImpactSBJsonStreamParserAccumulator.h */; };
		784E9325165246A6009667F6 /* ApplifierImpactSBJsonStreamParserAccumulator.m in Sources */ = {isa = PBXBuildFile; fileRef = 784E931D165246A6009667F6 /* ApplifierImpactSBJsonStreamParserAccumulator.m */; };
		784E9326165246A6009667F6 /* ApplifierImpactSBJsonStreamParserAdapter.h in Headers */ = {isa = PBXBuildFile; fileRef = 784E931E165246A6009667F6 /* ApplifierImpactSBJsonStreamParserAdapter.h */; };
		784E9327165246A6009667F6 /* ApplifierImpactSBJsonStreamParserAdapter.m in Sources */ = {isa = PBXBuildFile; fileRef = 784E931F165246A6009667F6 /* ApplifierImpactSBJsonStreamParserAdapter.m */; };
		784E9328165246A6009667F6 /* ApplifierImpactSBJsonStreamParserState.h in Headers */ = {isa = PBXBuildFile; fileRef = 784E9320165246A6009667F6 /* ApplifierImpactSBJsonStreamParserState.h */; };
		784E9329165246A6009667F6 /* ApplifierImpactSBJsonStreamParserState.m in Sources */ = {isa = PBXBuildFile; fileRef = 784E9321165246A6009667F6 /* ApplifierImpactSBJsonStreamParserState.m */; };
		784E932C165246F5009667F6 /* ApplifierImpactSBJsonTokeniser.h in Headers */ = {isa = PBXBuildFile; fileRef = 784E932A165246F5009667F6 /* ApplifierImpactSBJsonTokeniser.h */; };
		784E932D165246F5009667F6 /* ApplifierImpactSBJsonTokeniser.m in Sources */ = {isa = PBXBuildFile; fileRef = 784E932B165246F5009667F6 /* ApplifierImpactSBJsonTokeniser.m */; };
		784E93341652482D009667F6 /* ApplifierImpactSBJsonStreamWriter.h in Headers */ = {isa = PBXBuildFile; fileRef = 784E932E1652482B009667F6 /* ApplifierImpactSBJsonStreamWriter.h */; };
		784E93351652482D009667F6 /* ApplifierImpactSBJsonStreamWriter.m in Sources */ = {isa = PBXBuildFile; fileRef = 784E932F1652482B009667F6 /* ApplifierImpactSBJsonStreamWriter.m */; };
		784E93361652482D009667F6 /* ApplifierImpactSBJsonStreamWriterAccumulator.h in Headers */ = {isa = PBXBuildFile; fileRef = 784E93301652482C009667F6 /* ApplifierImpactSBJsonStreamWriterAccumulator.h */; };
		784E93371652482D009667F6 /* ApplifierImpactSBJsonStreamWriterAccumulator.m in Sources */ = {isa = PBXBuildFile; fileRef = 784E93311652482C009667F6 /* ApplifierImpactSBJsonStreamWriterAccumulator.m */; };
		784E93381652482D009667F6 /* ApplifierImpactSBJsonStreamWriterState.h in Headers */ = {isa = PBXBuildFile; fileRef = 784E93321652482C009667F6 /* ApplifierImpactSBJsonStreamWriterState.h */; };
		784E93391652482D009667F6 /* ApplifierImpactSBJsonStreamWriterState.m in Sources */ = {isa = PBXBuildFile; fileRef = 784E93331652482D009667F6 /* ApplifierImpactSBJsonStreamWriterState.m */; };
		784E933C1652487C009667F6 /* ApplifierImpactSBJsonUTF8Stream.h in Headers */ = {isa = PBXBuildFile; fileRef = 784E933A1652487B009667F6 /* ApplifierImpactSBJsonUTF8Stream.h */; };
		784E933D1652487C009667F6 /* ApplifierImpactSBJsonUTF8Stream.m in Sources */ = {isa = PBXBuildFile; fileRef = 784E933B1652487B009667F6 /* ApplifierImpactSBJsonUTF8Stream.m */; };
		786F5D64163142BB00FD34C4 /* ApplifierImpactDevice.h in Headers */ = {isa = PBXBuildFile; fileRef = 786F5D62163142BB00FD34C4 /* ApplifierImpactDevice.h */; };
		786F5D65163142BB00FD34C4 /* ApplifierImpactDevice.m in Sources */ = {isa = PBXBuildFile; fileRef = 786F5D63163142BB00FD34C4 /* ApplifierImpactDevice.m */; };
		786F5D6F1635359500FD34C4 /* ApplifierImpactVideo.h in Headers */ = {isa = PBXBuildFile; fileRef = 786F5D6B1635359400FD34C4 /* ApplifierImpactVideo.h */; };
		786F5D701635359500FD34C4 /* ApplifierImpactVideo.m in Sources */ = {isa = PBXBuildFile; fileRef = 786F5D6C1635359400FD34C4 /* ApplifierImpactVideo.m */; };
		786F5D921636A82200FD34C4 /* ApplifierImpactUtils.h in Headers */ = {isa = PBXBuildFile; fileRef = 786F5D8E1636A82100FD34C4 /* ApplifierImpactUtils.h */; };
		786F5D931636A82200FD34C4 /* ApplifierImpactUtils.m in Sources */ = {isa = PBXBuildFile; fileRef = 786F5D8F1636A82100FD34C4 /* ApplifierImpactUtils.m */; };
		786F5D981636AF9600FD34C4 /* ApplifierImpactWebAppController.h in Headers */ = {isa = PBXBuildFile; fileRef = 786F5D961636AF9600FD34C4 /* ApplifierImpactWebAppController.h */; };
		786F5D991636AF9600FD34C4 /* ApplifierImpactWebAppController.m in Sources */ = {isa = PBXBuildFile; fileRef = 786F5D971636AF9600FD34C4 /* ApplifierImpactWebAppController.m */; };
		78AC201A1622EFEA007DE419 /* ApplifierImpactOpenUDID.h in Headers */ = {isa = PBXBuildFile; fileRef = 78AC20181622EFEA007DE419 /* ApplifierImpactOpenUDID.h */; };
		78AC201B1622EFEA007DE419 /* ApplifierImpactOpenUDID.m in Sources */ = {isa = PBXBuildFile; fileRef = 78AC20191622EFEA007DE419 /* ApplifierImpactOpenUDID.m */; };
		78AC20211622EFF3007DE419 /* ApplifierImpactAnalyticsUploader.h in Headers */ = {isa = PBXBuildFile; fileRef = 78AC201D1622EFF3007DE419 /* ApplifierImpactAnalyticsUploader.h */; };
		78AC20221622EFF3007DE419 /* ApplifierImpactAnalyticsUploader.m in Sources */ = {isa = PBXBuildFile; fileRef = 78AC201E1622EFF3007DE419 /* ApplifierImpactAnalyticsUploader.m */; };
		78AC20231622EFF3007DE419 /* ApplifierImpactCache.h in Headers */ = {isa = PBXBuildFile; fileRef = 78AC201F1622EFF3007DE419 /* ApplifierImpactCache.h */; };
		78AC20241622EFF3007DE419 /* ApplifierImpactCache.m in Sources */ = {isa = PBXBuildFile; fileRef = 78AC20201622EFF3007DE419 /* ApplifierImpactCache.m */; };
		78AC202B1622EFFD007DE419 /* ApplifierImpactCampaign.h in Headers */ = {isa = PBXBuildFile; fileRef = 78AC20251622EFFD007DE419 /* ApplifierImpactCampaign.h */; };
		78AC202C1622EFFD007DE419 /* ApplifierImpactCampaign.m in Sources */ = {isa = PBXBuildFile; fileRef = 78AC20261622EFFD007DE419 /* ApplifierImpactCampaign.m */; };
		78AC202D1622EFFD007DE419 /* ApplifierImpactCampaignManager.h in Headers */ = {isa = PBXBuildFile; fileRef = 78AC20271622EFFD007DE419 /* ApplifierImpactCampaignManager.h */; };
		78AC202E1622EFFD007DE419 /* ApplifierImpactCampaignManager.m in Sources */ = {isa = PBXBuildFile; fileRef = 78AC20281622EFFD007DE419 /* ApplifierImpactCampaignManager.m */; };
		78AC202F1622EFFD007DE419 /* ApplifierImpactRewardItem.h in Headers */ = {isa = PBXBuildFile; fileRef = 78AC20291622EFFD007DE419 /* ApplifierImpactRewardItem.h */; };
		78AC20301622EFFD007DE419 /* ApplifierImpactRewardItem.m in Sources */ = {isa = PBXBuildFile; fileRef = 78AC202A1622EFFD007DE419 /* ApplifierImpactRewardItem.m */; };
		78AC203F1622F01F007DE419 /* ApplifierImpact.h in Headers */ = {isa = PBXBuildFile; fileRef = 78AC20391622F01F007DE419 /* ApplifierImpact.h */; settings = {ATTRIBUTES = (Public, ); }; };
		78AC20401622F01F007DE419 /* ApplifierImpact.m in Sources */ = {isa = PBXBuildFile; fileRef = 78AC203A1622F01F007DE419 /* ApplifierImpact.m */; };
		78AC20411622F01F007DE419 /* ApplifierImpactiOS4.h in Headers */ = {isa = PBXBuildFile; fileRef = 78AC203B1622F01F007DE419 /* ApplifierImpactiOS4.h */; settings = {ATTRIBUTES = (Public, ); }; };
		78AC20421622F01F007DE419 /* ApplifierImpactiOS4.m in Sources */ = {isa = PBXBuildFile; fileRef = 78AC203C1622F01F007DE419 /* ApplifierImpactiOS4.m */; };
		78AC20431622F01F007DE419 /* ApplifierImpactViewManager.h in Headers */ = {isa = PBXBuildFile; fileRef = 78AC203D1622F01F007DE419 /* ApplifierImpactViewManager.h */; };
		78AC20441622F01F007DE419 /* ApplifierImpactViewManager.m in Sources */ = {isa = PBXBuildFile; fileRef = 78AC203E1622F01F007DE419 /* ApplifierImpactViewManager.m */; };
		78CB843A16255FAA00E94915 /* ApplifierImpactURLProtocol.h in Headers */ = {isa = PBXBuildFile; fileRef = 78CB843816255FAA00E94915 /* ApplifierImpactURLProtocol.h */; };
		78CB843B16255FAA00E94915 /* ApplifierImpactURLProtocol.m in Sources */ = {isa = PBXBuildFile; fileRef = 78CB843916255FAA00E94915 /* ApplifierImpactURLProtocol.m */; };
		CC158911150789ED00B3D188 /* InfoPlist.strings in Resources */ = {isa = PBXBuildFile; fileRef = CC15890F150789ED00B3D188 /* InfoPlist.strings */; };
/* End PBXBuildFile section */

/* Begin PBXFileReference section */
		78057A0E1643CADB005EF487 /* ApplifierImpactProperties.h */ = {isa = PBXFileReference; fileEncoding = 4; lastKnownFileType = sourcecode.c.h; path = ApplifierImpactProperties.h; sourceTree = "<group>"; };
		78057A0F1643CADB005EF487 /* ApplifierImpactProperties.m */ = {isa = PBXFileReference; fileEncoding = 4; lastKnownFileType = sourcecode.c.objc; path = ApplifierImpactProperties.m; sourceTree = "<group>"; };
		784E930D165245DC009667F6 /* ApplifierImpactSBJsonParser.h */ = {isa = PBXFileReference; fileEncoding = 4; lastKnownFileType = sourcecode.c.h; path = ApplifierImpactSBJsonParser.h; sourceTree = "<group>"; };
		784E930E165245DC009667F6 /* ApplifierImpactSBJsonParser.m */ = {isa = PBXFileReference; fileEncoding = 4; lastKnownFileType = sourcecode.c.objc; path = ApplifierImpactSBJsonParser.m; sourceTree = "<group>"; };
		784E930F165245DC009667F6 /* ApplifierImpactSBJsonWriter.h */ = {isa = PBXFileReference; fileEncoding = 4; lastKnownFileType = sourcecode.c.h; path = ApplifierImpactSBJsonWriter.h; sourceTree = "<group>"; };
		784E9310165245DC009667F6 /* ApplifierImpactSBJsonWriter.m */ = {isa = PBXFileReference; fileEncoding = 4; lastKnownFileType = sourcecode.c.objc; path = ApplifierImpactSBJsonWriter.m; sourceTree = "<group>"; };
		784E9311165245DC009667F6 /* NSObject+ApplifierImpactSBJson.h */ = {isa = PBXFileReference; fileEncoding = 4; lastKnownFileType = sourcecode.c.h; path = "NSObject+ApplifierImpactSBJson.h"; sourceTree = "<group>"; };
		784E9312165245DC009667F6 /* NSObject+ApplifierImpactSBJson.m */ = {isa = PBXFileReference; fileEncoding = 4; lastKnownFileType = sourcecode.c.objc; path = "NSObject+ApplifierImpactSBJson.m"; sourceTree = "<group>"; };
		784E931A165246A6009667F6 /* ApplifierImpactSBJsonStreamParser.h */ = {isa = PBXFileReference; fileEncoding = 4; lastKnownFileType = sourcecode.c.h; path = ApplifierImpactSBJsonStreamParser.h; sourceTree = "<group>"; };
		784E931B165246A6009667F6 /* ApplifierImpactSBJsonStreamParser.m */ = {isa = PBXFileReference; fileEncoding = 4; lastKnownFileType = sourcecode.c.objc; path = ApplifierImpactSBJsonStreamParser.m; sourceTree = "<group>"; };
		784E931C165246A6009667F6 /* ApplifierImpactSBJsonStreamParserAccumulator.h */ = {isa = PBXFileReference; fileEncoding = 4; lastKnownFileType = sourcecode.c.h; path = ApplifierImpactSBJsonStreamParserAccumulator.h; sourceTree = "<group>"; };
		784E931D165246A6009667F6 /* ApplifierImpactSBJsonStreamParserAccumulator.m */ = {isa = PBXFileReference; fileEncoding = 4; lastKnownFileType = sourcecode.c.objc; path = ApplifierImpactSBJsonStreamParserAccumulator.m; sourceTree = "<group>"; };
		784E931E165246A6009667F6 /* ApplifierImpactSBJsonStreamParserAdapter.h */ = {isa = PBXFileReference; fileEncoding = 4; lastKnownFileType = sourcecode.c.h; path = ApplifierImpactSBJsonStreamParserAdapter.h; sourceTree = "<group>"; };
		784E931F165246A6009667F6 /* ApplifierImpactSBJsonStreamParserAdapter.m */ = {isa = PBXFileReference; fileEncoding = 4; lastKnownFileType = sourcecode.c.objc; path = ApplifierImpactSBJsonStreamParserAdapter.m; sourceTree = "<group>"; };
		784E9320165246A6009667F6 /* ApplifierImpactSBJsonStreamParserState.h */ = {isa = PBXFileReference; fileEncoding = 4; lastKnownFileType = sourcecode.c.h; path = ApplifierImpactSBJsonStreamParserState.h; sourceTree = "<group>"; };
		784E9321165246A6009667F6 /* ApplifierImpactSBJsonStreamParserState.m */ = {isa = PBXFileReference; fileEncoding = 4; lastKnownFileType = sourcecode.c.objc; path = ApplifierImpactSBJsonStreamParserState.m; sourceTree = "<group>"; };
		784E932A165246F5009667F6 /* ApplifierImpactSBJsonTokeniser.h */ = {isa = PBXFileReference; fileEncoding = 4; lastKnownFileType = sourcecode.c.h; path = ApplifierImpactSBJsonTokeniser.h; sourceTree = "<group>"; };
		784E932B165246F5009667F6 /* ApplifierImpactSBJsonTokeniser.m */ = {isa = PBXFileReference; fileEncoding = 4; lastKnownFileType = sourcecode.c.objc; path = ApplifierImpactSBJsonTokeniser.m; sourceTree = "<group>"; };
		784E932E1652482B009667F6 /* ApplifierImpactSBJsonStreamWriter.h */ = {isa = PBXFileReference; fileEncoding = 4; lastKnownFileType = sourcecode.c.h; path = ApplifierImpactSBJsonStreamWriter.h; sourceTree = "<group>"; };
		784E932F1652482B009667F6 /* ApplifierImpactSBJsonStreamWriter.m */ = {isa = PBXFileReference; fileEncoding = 4; lastKnownFileType = sourcecode.c.objc; path = ApplifierImpactSBJsonStreamWriter.m; sourceTree = "<group>"; };
		784E93301652482C009667F6 /* ApplifierImpactSBJsonStreamWriterAccumulator.h */ = {isa = PBXFileReference; fileEncoding = 4; lastKnownFileType = sourcecode.c.h; path = ApplifierImpactSBJsonStreamWriterAccumulator.h; sourceTree = "<group>"; };
		784E93311652482C009667F6 /* ApplifierImpactSBJsonStreamWriterAccumulator.m */ = {isa = PBXFileReference; fileEncoding = 4; lastKnownFileType = sourcecode.c.objc; path = ApplifierImpactSBJsonStreamWriterAccumulator.m; sourceTree = "<group>"; };
		784E93321652482C009667F6 /* ApplifierImpactSBJsonStreamWriterState.h */ = {isa = PBXFileReference; fileEncoding = 4; lastKnownFileType = sourcecode.c.h; path = ApplifierImpactSBJsonStreamWriterState.h; sourceTree = "<group>"; };
		784E93331652482D009667F6 /* ApplifierImpactSBJsonStreamWriterState.m */ = {isa = PBXFileReference; fileEncoding = 4; lastKnownFileType = sourcecode.c.objc; path = ApplifierImpactSBJsonStreamWriterState.m; sourceTree = "<group>"; };
		784E933A1652487B009667F6 /* ApplifierImpactSBJsonUTF8Stream.h */ = {isa = PBXFileReference; fileEncoding = 4; lastKnownFileType = sourcecode.c.h; path = ApplifierImpactSBJsonUTF8Stream.h; sourceTree = "<group>"; };
		784E933B1652487B009667F6 /* ApplifierImpactSBJsonUTF8Stream.m */ = {isa = PBXFileReference; fileEncoding = 4; lastKnownFileType = sourcecode.c.objc; path = ApplifierImpactSBJsonUTF8Stream.m; sourceTree = "<group>"; };
		786F5D62163142BB00FD34C4 /* ApplifierImpactDevice.h */ = {isa = PBXFileReference; fileEncoding = 4; lastKnownFileType = sourcecode.c.h; path = ApplifierImpactDevice.h; sourceTree = "<group>"; };
		786F5D63163142BB00FD34C4 /* ApplifierImpactDevice.m */ = {isa = PBXFileReference; fileEncoding = 4; lastKnownFileType = sourcecode.c.objc; path = ApplifierImpactDevice.m; sourceTree = "<group>"; };
		786F5D6B1635359400FD34C4 /* ApplifierImpactVideo.h */ = {isa = PBXFileReference; fileEncoding = 4; lastKnownFileType = sourcecode.c.h; path = ApplifierImpactVideo.h; sourceTree = "<group>"; };
		786F5D6C1635359400FD34C4 /* ApplifierImpactVideo.m */ = {isa = PBXFileReference; fileEncoding = 4; lastKnownFileType = sourcecode.c.objc; path = ApplifierImpactVideo.m; sourceTree = "<group>"; };
		786F5D8E1636A82100FD34C4 /* ApplifierImpactUtils.h */ = {isa = PBXFileReference; fileEncoding = 4; lastKnownFileType = sourcecode.c.h; path = ApplifierImpactUtils.h; sourceTree = "<group>"; };
		786F5D8F1636A82100FD34C4 /* ApplifierImpactUtils.m */ = {isa = PBXFileReference; fileEncoding = 4; lastKnownFileType = sourcecode.c.objc; path = ApplifierImpactUtils.m; sourceTree = "<group>"; };
		786F5D961636AF9600FD34C4 /* ApplifierImpactWebAppController.h */ = {isa = PBXFileReference; fileEncoding = 4; lastKnownFileType = sourcecode.c.h; path = ApplifierImpactWebAppController.h; sourceTree = "<group>"; };
		786F5D971636AF9600FD34C4 /* ApplifierImpactWebAppController.m */ = {isa = PBXFileReference; fileEncoding = 4; lastKnownFileType = sourcecode.c.objc; path = ApplifierImpactWebAppController.m; sourceTree = "<group>"; };
		78AC20181622EFEA007DE419 /* ApplifierImpactOpenUDID.h */ = {isa = PBXFileReference; fileEncoding = 4; lastKnownFileType = sourcecode.c.h; path = ApplifierImpactOpenUDID.h; sourceTree = "<group>"; };
		78AC20191622EFEA007DE419 /* ApplifierImpactOpenUDID.m */ = {isa = PBXFileReference; fileEncoding = 4; lastKnownFileType = sourcecode.c.objc; path = ApplifierImpactOpenUDID.m; sourceTree = "<group>"; };
		78AC201D1622EFF3007DE419 /* ApplifierImpactAnalyticsUploader.h */ = {isa = PBXFileReference; fileEncoding = 4; lastKnownFileType = sourcecode.c.h; path = ApplifierImpactAnalyticsUploader.h; sourceTree = "<group>"; };
		78AC201E1622EFF3007DE419 /* ApplifierImpactAnalyticsUploader.m */ = {isa = PBXFileReference; fileEncoding = 4; lastKnownFileType = sourcecode.c.objc; path = ApplifierImpactAnalyticsUploader.m; sourceTree = "<group>"; };
		78AC201F1622EFF3007DE419 /* ApplifierImpactCache.h */ = {isa = PBXFileReference; fileEncoding = 4; lastKnownFileType = sourcecode.c.h; path = ApplifierImpactCache.h; sourceTree = "<group>"; };
		78AC20201622EFF3007DE419 /* ApplifierImpactCache.m */ = {isa = PBXFileReference; fileEncoding = 4; lastKnownFileType = sourcecode.c.objc; path = ApplifierImpactCache.m; sourceTree = "<group>"; };
		78AC20251622EFFD007DE419 /* ApplifierImpactCampaign.h */ = {isa = PBXFileReference; fileEncoding = 4; lastKnownFileType = sourcecode.c.h; path = ApplifierImpactCampaign.h; sourceTree = "<group>"; };
		78AC20261622EFFD007DE419 /* ApplifierImpactCampaign.m */ = {isa = PBXFileReference; fileEncoding = 4; lastKnownFileType = sourcecode.c.objc; path = ApplifierImpactCampaign.m; sourceTree = "<group>"; };
		78AC20271622EFFD007DE419 /* ApplifierImpactCampaignManager.h */ = {isa = PBXFileReference; fileEncoding = 4; lastKnownFileType = sourcecode.c.h; path = ApplifierImpactCampaignManager.h; sourceTree = "<group>"; };
		78AC20281622EFFD007DE419 /* ApplifierImpactCampaignManager.m */ = {isa = PBXFileReference; fileEncoding = 4; lastKnownFileType = sourcecode.c.objc; path = ApplifierImpactCampaignManager.m; sourceTree = "<group>"; };
		78AC20291622EFFD007DE419 /* ApplifierImpactRewardItem.h */ = {isa = PBXFileReference; fileEncoding = 4; lastKnownFileType = sourcecode.c.h; path = ApplifierImpactRewardItem.h; sourceTree = "<group>"; };
		78AC202A1622EFFD007DE419 /* ApplifierImpactRewardItem.m */ = {isa = PBXFileReference; fileEncoding = 4; lastKnownFileType = sourcecode.c.objc; path = ApplifierImpactRewardItem.m; sourceTree = "<group>"; };
		78AC20391622F01F007DE419 /* ApplifierImpact.h */ = {isa = PBXFileReference; fileEncoding = 4; lastKnownFileType = sourcecode.c.h; path = ApplifierImpact.h; sourceTree = "<group>"; };
		78AC203A1622F01F007DE419 /* ApplifierImpact.m */ = {isa = PBXFileReference; fileEncoding = 4; lastKnownFileType = sourcecode.c.objc; path = ApplifierImpact.m; sourceTree = "<group>"; };
		78AC203B1622F01F007DE419 /* ApplifierImpactiOS4.h */ = {isa = PBXFileReference; fileEncoding = 4; lastKnownFileType = sourcecode.c.h; path = ApplifierImpactiOS4.h; sourceTree = "<group>"; };
		78AC203C1622F01F007DE419 /* ApplifierImpactiOS4.m */ = {isa = PBXFileReference; fileEncoding = 4; lastKnownFileType = sourcecode.c.objc; path = ApplifierImpactiOS4.m; sourceTree = "<group>"; };
		78AC203D1622F01F007DE419 /* ApplifierImpactViewManager.h */ = {isa = PBXFileReference; fileEncoding = 4; lastKnownFileType = sourcecode.c.h; path = ApplifierImpactViewManager.h; sourceTree = "<group>"; };
		78AC203E1622F01F007DE419 /* ApplifierImpactViewManager.m */ = {isa = PBXFileReference; fileEncoding = 4; lastKnownFileType = sourcecode.c.objc; path = ApplifierImpactViewManager.m; sourceTree = "<group>"; };
		78CB843816255FAA00E94915 /* ApplifierImpactURLProtocol.h */ = {isa = PBXFileReference; fileEncoding = 4; lastKnownFileType = sourcecode.c.h; path = ApplifierImpactURLProtocol.h; sourceTree = "<group>"; };
		78CB843916255FAA00E94915 /* ApplifierImpactURLProtocol.m */ = {isa = PBXFileReference; fileEncoding = 4; lastKnownFileType = sourcecode.c.objc; path = ApplifierImpactURLProtocol.m; sourceTree = "<group>"; };
		CC15890A150789ED00B3D188 /* ApplifierImpact.framework */ = {isa = PBXFileReference; explicitFileType = wrapper.cfbundle; includeInIndex = 0; path = ApplifierImpact.framework; sourceTree = BUILT_PRODUCTS_DIR; };
		CC15890E150789ED00B3D188 /* ApplifierImpact-Info.plist */ = {isa = PBXFileReference; lastKnownFileType = text.plist.xml; path = "ApplifierImpact-Info.plist"; sourceTree = "<group>"; };
		CC158910150789ED00B3D188 /* en */ = {isa = PBXFileReference; lastKnownFileType = text.plist.strings; name = en; path = en.lproj/InfoPlist.strings; sourceTree = "<group>"; };
		CC158912150789ED00B3D188 /* ApplifierImpact-Prefix.pch */ = {isa = PBXFileReference; lastKnownFileType = sourcecode.c.h; path = "ApplifierImpact-Prefix.pch"; sourceTree = "<group>"; };
/* End PBXFileReference section */

/* Begin PBXFrameworksBuildPhase section */
		CC158904150789ED00B3D188 /* Frameworks */ = {
			isa = PBXFrameworksBuildPhase;
			buildActionMask = 2147483647;
			files = (
			);
			runOnlyForDeploymentPostprocessing = 0;
		};
/* End PBXFrameworksBuildPhase section */

/* Begin PBXGroup section */
		78057A0D1643CADB005EF487 /* ApplifierImpactProperties */ = {
			isa = PBXGroup;
			children = (
				78057A0E1643CADB005EF487 /* ApplifierImpactProperties.h */,
				78057A0F1643CADB005EF487 /* ApplifierImpactProperties.m */,
			);
			path = ApplifierImpactProperties;
			sourceTree = "<group>";
		};
		786F5D61163142BB00FD34C4 /* ApplifierImpactDevice */ = {
			isa = PBXGroup;
			children = (
				786F5D62163142BB00FD34C4 /* ApplifierImpactDevice.h */,
				786F5D63163142BB00FD34C4 /* ApplifierImpactDevice.m */,
			);
			path = ApplifierImpactDevice;
			sourceTree = "<group>";
		};
		786F5D6A1635359400FD34C4 /* ApplifierImpactVideo */ = {
			isa = PBXGroup;
			children = (
				786F5D6B1635359400FD34C4 /* ApplifierImpactVideo.h */,
				786F5D6C1635359400FD34C4 /* ApplifierImpactVideo.m */,
			);
			path = ApplifierImpactVideo;
			sourceTree = "<group>";
		};
		786F5D801636860100FD34C4 /* ApplifierImpactWebView */ = {
			isa = PBXGroup;
			children = (
				786F5D961636AF9600FD34C4 /* ApplifierImpactWebAppController.h */,
				786F5D971636AF9600FD34C4 /* ApplifierImpactWebAppController.m */,
			);
			path = ApplifierImpactWebView;
			sourceTree = "<group>";
		};
		786F5D8D1636A82100FD34C4 /* ApplifierImpactUtils */ = {
			isa = PBXGroup;
			children = (
				786F5D8E1636A82100FD34C4 /* ApplifierImpactUtils.h */,
				786F5D8F1636A82100FD34C4 /* ApplifierImpactUtils.m */,
			);
			path = ApplifierImpactUtils;
			sourceTree = "<group>";
		};
		78AC200E1622EE4D007DE419 /* ApplifierImpactCampaign */ = {
			isa = PBXGroup;
			children = (
				78AC20251622EFFD007DE419 /* ApplifierImpactCampaign.h */,
				78AC20261622EFFD007DE419 /* ApplifierImpactCampaign.m */,
				78AC20271622EFFD007DE419 /* ApplifierImpactCampaignManager.h */,
				78AC20281622EFFD007DE419 /* ApplifierImpactCampaignManager.m */,
				78AC20291622EFFD007DE419 /* ApplifierImpactRewardItem.h */,
				78AC202A1622EFFD007DE419 /* ApplifierImpactRewardItem.m */,
			);
			path = ApplifierImpactCampaign;
			sourceTree = "<group>";
		};
		78AC20131622EF56007DE419 /* ApplifierImpactData */ = {
			isa = PBXGroup;
			children = (
				78AC201D1622EFF3007DE419 /* ApplifierImpactAnalyticsUploader.h */,
				78AC201E1622EFF3007DE419 /* ApplifierImpactAnalyticsUploader.m */,
				78AC201F1622EFF3007DE419 /* ApplifierImpactCache.h */,
				78AC20201622EFF3007DE419 /* ApplifierImpactCache.m */,
			);
			path = ApplifierImpactData;
			sourceTree = "<group>";
		};
		78CB842C16255EB200E94915 /* ApplifierImpactURLProtocol */ = {
			isa = PBXGroup;
			children = (
				78CB843816255FAA00E94915 /* ApplifierImpactURLProtocol.h */,
				78CB843916255FAA00E94915 /* ApplifierImpactURLProtocol.m */,
			);
			path = ApplifierImpactURLProtocol;
			sourceTree = "<group>";
		};
		CC1588FB150789ED00B3D188 = {
			isa = PBXGroup;
			children = (
				CC15890C150789ED00B3D188 /* ApplifierImpact */,
				CC15890B150789ED00B3D188 /* Products */,
			);
			indentWidth = 2;
			sourceTree = "<group>";
			tabWidth = 2;
		};
		CC15890B150789ED00B3D188 /* Products */ = {
			isa = PBXGroup;
			children = (
				CC15890A150789ED00B3D188 /* ApplifierImpact.framework */,
			);
			name = Products;
			sourceTree = "<group>";
		};
		CC15890C150789ED00B3D188 /* ApplifierImpact */ = {
			isa = PBXGroup;
			children = (
				78AC20391622F01F007DE419 /* ApplifierImpact.h */,
				78AC203A1622F01F007DE419 /* ApplifierImpact.m */,
				78AC203B1622F01F007DE419 /* ApplifierImpactiOS4.h */,
				78AC203C1622F01F007DE419 /* ApplifierImpactiOS4.m */,
				78AC203D1622F01F007DE419 /* ApplifierImpactViewManager.h */,
				78AC203E1622F01F007DE419 /* ApplifierImpactViewManager.m */,
				78AC200E1622EE4D007DE419 /* ApplifierImpactCampaign */,
				78AC20131622EF56007DE419 /* ApplifierImpactData */,
				786F5D61163142BB00FD34C4 /* ApplifierImpactDevice */,
				CC6C7D8C1523390A00B1B783 /* ApplifierImpactOpenUDID */,
				78057A0D1643CADB005EF487 /* ApplifierImpactProperties */,
				CC496CAF15078AB000AF335E /* ApplifierImpactSBJSON */,
				786F5D6A1635359400FD34C4 /* ApplifierImpactVideo */,
				78CB842C16255EB200E94915 /* ApplifierImpactURLProtocol */,
				786F5D8D1636A82100FD34C4 /* ApplifierImpactUtils */,
				786F5D801636860100FD34C4 /* ApplifierImpactWebView */,
				CC15890D150789ED00B3D188 /* Supporting Files */,
			);
			path = ApplifierImpact;
			sourceTree = "<group>";
		};
		CC15890D150789ED00B3D188 /* Supporting Files */ = {
			isa = PBXGroup;
			children = (
				CC15890E150789ED00B3D188 /* ApplifierImpact-Info.plist */,
				CC15890F150789ED00B3D188 /* InfoPlist.strings */,
				CC158912150789ED00B3D188 /* ApplifierImpact-Prefix.pch */,
			);
			name = "Supporting Files";
			sourceTree = "<group>";
		};
		CC496CAF15078AB000AF335E /* ApplifierImpactSBJSON */ = {
			isa = PBXGroup;
			children = (
				784E933A1652487B009667F6 /* ApplifierImpactSBJsonUTF8Stream.h */,
				784E933B1652487B009667F6 /* ApplifierImpactSBJsonUTF8Stream.m */,
				784E932E1652482B009667F6 /* ApplifierImpactSBJsonStreamWriter.h */,
				784E932F1652482B009667F6 /* ApplifierImpactSBJsonStreamWriter.m */,
				784E93301652482C009667F6 /* ApplifierImpactSBJsonStreamWriterAccumulator.h */,
				784E93311652482C009667F6 /* ApplifierImpactSBJsonStreamWriterAccumulator.m */,
				784E93321652482C009667F6 /* ApplifierImpactSBJsonStreamWriterState.h */,
				784E93331652482D009667F6 /* ApplifierImpactSBJsonStreamWriterState.m */,
				784E932A165246F5009667F6 /* ApplifierImpactSBJsonTokeniser.h */,
				784E932B165246F5009667F6 /* ApplifierImpactSBJsonTokeniser.m */,
				784E931A165246A6009667F6 /* ApplifierImpactSBJsonStreamParser.h */,
				784E931B165246A6009667F6 /* ApplifierImpactSBJsonStreamParser.m */,
				784E931C165246A6009667F6 /* ApplifierImpactSBJsonStreamParserAccumulator.h */,
				784E931D165246A6009667F6 /* ApplifierImpactSBJsonStreamParserAccumulator.m */,
				784E931E165246A6009667F6 /* ApplifierImpactSBJsonStreamParserAdapter.h */,
				784E931F165246A6009667F6 /* ApplifierImpactSBJsonStreamParserAdapter.m */,
				784E9320165246A6009667F6 /* ApplifierImpactSBJsonStreamParserState.h */,
				784E9321165246A6009667F6 /* ApplifierImpactSBJsonStreamParserState.m */,
				784E930D165245DC009667F6 /* ApplifierImpactSBJsonParser.h */,
				784E930E165245DC009667F6 /* ApplifierImpactSBJsonParser.m */,
				784E930F165245DC009667F6 /* ApplifierImpactSBJsonWriter.h */,
				784E9310165245DC009667F6 /* ApplifierImpactSBJsonWriter.m */,
				784E9311165245DC009667F6 /* NSObject+ApplifierImpactSBJson.h */,
				784E9312165245DC009667F6 /* NSObject+ApplifierImpactSBJson.m */,
			);
			path = ApplifierImpactSBJSON;
			sourceTree = "<group>";
		};
		CC6C7D8C1523390A00B1B783 /* ApplifierImpactOpenUDID */ = {
			isa = PBXGroup;
			children = (
				78AC20181622EFEA007DE419 /* ApplifierImpactOpenUDID.h */,
				78AC20191622EFEA007DE419 /* ApplifierImpactOpenUDID.m */,
			);
			path = ApplifierImpactOpenUDID;
			sourceTree = "<group>";
		};
/* End PBXGroup section */

/* Begin PBXHeadersBuildPhase section */
		CC158905150789ED00B3D188 /* Headers */ = {
			isa = PBXHeadersBuildPhase;
			buildActionMask = 2147483647;
			files = (
				78AC201A1622EFEA007DE419 /* ApplifierImpactOpenUDID.h in Headers */,
				78AC20211622EFF3007DE419 /* ApplifierImpactAnalyticsUploader.h in Headers */,
				78AC20231622EFF3007DE419 /* ApplifierImpactCache.h in Headers */,
				78AC202B1622EFFD007DE419 /* ApplifierImpactCampaign.h in Headers */,
				78AC202D1622EFFD007DE419 /* ApplifierImpactCampaignManager.h in Headers */,
				78AC202F1622EFFD007DE419 /* ApplifierImpactRewardItem.h in Headers */,
				78AC203F1622F01F007DE419 /* ApplifierImpact.h in Headers */,
				78AC20411622F01F007DE419 /* ApplifierImpactiOS4.h in Headers */,
				78AC20431622F01F007DE419 /* ApplifierImpactViewManager.h in Headers */,
				78CB843A16255FAA00E94915 /* ApplifierImpactURLProtocol.h in Headers */,
				786F5D64163142BB00FD34C4 /* ApplifierImpactDevice.h in Headers */,
				786F5D6F1635359500FD34C4 /* ApplifierImpactVideo.h in Headers */,
				786F5D921636A82200FD34C4 /* ApplifierImpactUtils.h in Headers */,
				786F5D981636AF9600FD34C4 /* ApplifierImpactWebAppController.h in Headers */,
				78057A121643CADB005EF487 /* ApplifierImpactProperties.h in Headers */,
				784E9314165245DC009667F6 /* ApplifierImpactSBJsonParser.h in Headers */,
				784E9316165245DC009667F6 /* ApplifierImpactSBJsonWriter.h in Headers */,
				784E9318165245DC009667F6 /* NSObject+ApplifierImpactSBJson.h in Headers */,
				784E9322165246A6009667F6 /* ApplifierImpactSBJsonStreamParser.h in Headers */,
				784E9324165246A6009667F6 /* ApplifierImpactSBJsonStreamParserAccumulator.h in Headers */,
				784E9326165246A6009667F6 /* ApplifierImpactSBJsonStreamParserAdapter.h in Headers */,
				784E9328165246A6009667F6 /* ApplifierImpactSBJsonStreamParserState.h in Headers */,
				784E932C165246F5009667F6 /* ApplifierImpactSBJsonTokeniser.h in Headers */,
				784E93341652482D009667F6 /* ApplifierImpactSBJsonStreamWriter.h in Headers */,
				784E93361652482D009667F6 /* ApplifierImpactSBJsonStreamWriterAccumulator.h in Headers */,
				784E93381652482D009667F6 /* ApplifierImpactSBJsonStreamWriterState.h in Headers */,
				784E933C1652487C009667F6 /* ApplifierImpactSBJsonUTF8Stream.h in Headers */,
			);
			runOnlyForDeploymentPostprocessing = 0;
		};
/* End PBXHeadersBuildPhase section */

/* Begin PBXNativeTarget section */
		CC158909150789ED00B3D188 /* ApplifierImpact */ = {
			isa = PBXNativeTarget;
			buildConfigurationList = CC158915150789ED00B3D188 /* Build configuration list for PBXNativeTarget "ApplifierImpact" */;
			buildPhases = (
				CC158902150789ED00B3D188 /* ShellScript */,
				CC158903150789ED00B3D188 /* Sources */,
				CC158904150789ED00B3D188 /* Frameworks */,
				CC158905150789ED00B3D188 /* Headers */,
				CC158906150789ED00B3D188 /* Resources */,
				CC158907150789ED00B3D188 /* ShellScript */,
				CC158908150789ED00B3D188 /* ShellScript */,
			);
			buildRules = (
			);
			dependencies = (
			);
			name = ApplifierImpact;
			productName = ApplifierImpact;
			productReference = CC15890A150789ED00B3D188 /* ApplifierImpact.framework */;
			productType = "com.apple.product-type.bundle";
		};
/* End PBXNativeTarget section */

/* Begin PBXProject section */
		CC1588FD150789ED00B3D188 /* Project object */ = {
			isa = PBXProject;
			attributes = {
				LastUpgradeCheck = 0430;
				ORGANIZATIONNAME = Applifier;
			};
			buildConfigurationList = CC158900150789ED00B3D188 /* Build configuration list for PBXProject "ApplifierImpact" */;
			compatibilityVersion = "Xcode 3.2";
			developmentRegion = English;
			hasScannedForEncodings = 0;
			knownRegions = (
				en,
			);
			mainGroup = CC1588FB150789ED00B3D188;
			productRefGroup = CC15890B150789ED00B3D188 /* Products */;
			projectDirPath = "";
			projectRoot = "";
			targets = (
				CC158909150789ED00B3D188 /* ApplifierImpact */,
			);
		};
/* End PBXProject section */

/* Begin PBXResourcesBuildPhase section */
		CC158906150789ED00B3D188 /* Resources */ = {
			isa = PBXResourcesBuildPhase;
			buildActionMask = 2147483647;
			files = (
				CC158911150789ED00B3D188 /* InfoPlist.strings in Resources */,
			);
			runOnlyForDeploymentPostprocessing = 0;
		};
/* End PBXResourcesBuildPhase section */

/* Begin PBXShellScriptBuildPhase section */
		CC158902150789ED00B3D188 /* ShellScript */ = {
			isa = PBXShellScriptBuildPhase;
			buildActionMask = 2147483647;
			files = (
			);
			inputPaths = (
			);
			outputPaths = (
			);
			runOnlyForDeploymentPostprocessing = 0;
			shellPath = /bin/sh;
			shellScript = "set -e\n\nset +u\nif [[ $UFW_MASTER_SCRIPT_RUNNING ]]\nthen\n    # Nothing for the slave script to do\n    exit 0\nfi\nset -u\n\nif [[ \"$SDK_NAME\" =~ ([A-Za-z]+) ]]\nthen\n    UFW_SDK_PLATFORM=${BASH_REMATCH[1]}\nelse\n    echo \"Could not find platform name from SDK_NAME: $SDK_NAME\"\n    exit 1\nfi\n\nif [[ \"$SDK_NAME\" =~ ([0-9]+.*$) ]]\nthen\n\tUFW_SDK_VERSION=${BASH_REMATCH[1]}\nelse\n    echo \"Could not find sdk version  from SDK_NAME: $SDK_NAME\"\n    exit 1\nfi\n\nif [[ \"$UFW_SDK_PLATFORM\" = \"iphoneos\" ]]\nthen\n    UFW_OTHER_PLATFORM=iphonesimulator\nelse\n    UFW_OTHER_PLATFORM=iphoneos\nfi\n\nif [[ \"$BUILT_PRODUCTS_DIR\" =~ (.*)$UFW_SDK_PLATFORM$ ]]\nthen\n    UFW_OTHER_BUILT_PRODUCTS_DIR=\"${BASH_REMATCH[1]}${UFW_OTHER_PLATFORM}\"\nelse\n    echo \"Could not find $UFW_SDK_PLATFORM in $BUILT_PRODUCTS_DIR\"\n    exit 1\nfi\n\n\n# Short-circuit if all binaries are up to date\n\nif [[ -f \"${BUILT_PRODUCTS_DIR}/${EXECUTABLE_PATH}\" ]] && \\\n   [[ -f \"${BUILT_PRODUCTS_DIR}/${PRODUCT_NAME}.embeddedframework/${EXECUTABLE_PATH}\" ]] && \\\n   [[ ! \"${BUILT_PRODUCTS_DIR}/${EXECUTABLE_PATH}\" -nt \"${BUILT_PRODUCTS_DIR}/${PRODUCT_NAME}.embeddedframework/${EXECUTABLE_PATH}\" ]]\n   [[ -f \"${UFW_OTHER_BUILT_PRODUCTS_DIR}/${EXECUTABLE_PATH}\" ]] && \\\n   [[ -f \"${UFW_OTHER_BUILT_PRODUCTS_DIR}/${PRODUCT_NAME}.embeddedframework/${EXECUTABLE_PATH}\" ]] && \\\n   [[ ! \"${UFW_OTHER_BUILT_PRODUCTS_DIR}/${EXECUTABLE_PATH}\" -nt \"${UFW_OTHER_BUILT_PRODUCTS_DIR}/${PRODUCT_NAME}.embeddedframework/${EXECUTABLE_PATH}\" ]]\nthen\n    exit 0\nfi\n\nvrun() {\n  echo $@\n  $@\n}\n\n# Clean other platform if needed\n\nif [[ ! -f \"${BUILT_PRODUCTS_DIR}/${EXECUTABLE_PATH}\" ]]\nthen\n\techo \"Platform \\\"$UFW_SDK_PLATFORM\\\" was cleaned recently. Cleaning \\\"$UFW_OTHER_PLATFORM\\\" as well\"\n\tvrun xcodebuild -project \"${PROJECT_FILE_PATH}\" -target \"${TARGET_NAME}\" -configuration \"${CONFIGURATION}\" -sdk ${UFW_OTHER_PLATFORM}${UFW_SDK_VERSION} BUILD_DIR=\"${BUILD_DIR}\" CONFIGURATION_TEMP_DIR=\"${PROJECT_TEMP_DIR}/${CONFIGURATION}-${UFW_OTHER_PLATFORM}\" clean\nfi\n\n\n# Make sure we are building from fresh binaries\n\nrm -rf \"${BUILT_PRODUCTS_DIR}/${EXECUTABLE_PATH}\"\nrm -rf \"${BUILT_PRODUCTS_DIR}/${PRODUCT_NAME}.embeddedframework\"\nrm -rf \"${UFW_OTHER_BUILT_PRODUCTS_DIR}/${EXECUTABLE_PATH}\"\nrm -rf \"${UFW_OTHER_BUILT_PRODUCTS_DIR}/${PRODUCT_NAME}.embeddedframework\"\n";
		};
		CC158907150789ED00B3D188 /* ShellScript */ = {
			isa = PBXShellScriptBuildPhase;
			buildActionMask = 2147483647;
			files = (
			);
			inputPaths = (
			);
			outputPaths = (
			);
			runOnlyForDeploymentPostprocessing = 0;
			shellPath = /bin/sh;
			shellScript = "HEADERS_ROOT=$SRCROOT/$PRODUCT_NAME\nFRAMEWORK_HEADERS_DIR=\"$BUILT_PRODUCTS_DIR/$WRAPPER_NAME/Versions/$FRAMEWORK_VERSION/Headers\"\n\n## only header files expected at this point\nPUBLIC_HEADERS=$(find $FRAMEWORK_HEADERS_DIR/. -not -type d 2> /dev/null | sed -e \"s@.*/@@g\")\n\nFIND_OPTS=\"\"\nfor PUBLIC_HEADER in $PUBLIC_HEADERS; do\n  if [ -n \"$FIND_OPTS\" ]; then\n    FIND_OPTS=\"$FIND_OPTS -o\"\n  fi\n  FIND_OPTS=\"$FIND_OPTS -name '$PUBLIC_HEADER'\"\ndone\n\nif [ -n \"$FIND_OPTS\" ]; then\n  for ORIG_HEADER in $(eval \"find $HEADERS_ROOT/. $FIND_OPTS\" 2> /dev/null | sed -e \"s@^$HEADERS_ROOT/./@@g\"); do\n    PUBLIC_HEADER=$(basename $ORIG_HEADER)\n    RELATIVE_PATH=$(dirname $ORIG_HEADER)\n    if [ -e $FRAMEWORK_HEADERS_DIR/$PUBLIC_HEADER ]; then\n      mkdir -p \"$FRAMEWORK_HEADERS_DIR/$RELATIVE_PATH\"\n      mv \"$FRAMEWORK_HEADERS_DIR/$PUBLIC_HEADER\" \"$FRAMEWORK_HEADERS_DIR/$RELATIVE_PATH/$PUBLIC_HEADER\"\n    fi\n  done\nfi";
		};
		CC158908150789ED00B3D188 /* ShellScript */ = {
			isa = PBXShellScriptBuildPhase;
			buildActionMask = 2147483647;
			files = (
			);
			inputPaths = (
			);
			outputPaths = (
			);
			runOnlyForDeploymentPostprocessing = 0;
			shellPath = /bin/sh;
			shellScript = "set -e\n\nset +u\nif [[ $UFW_MASTER_SCRIPT_RUNNING ]]\nthen\n    # Nothing for the slave script to do\n    exit 0\nfi\nset -u\nexport UFW_MASTER_SCRIPT_RUNNING=1\n\n\n# Functions\n\n## List files in the specified directory, storing to the specified array.\n#\n# @param $1 The path to list\n# @param $2 The name of the array to fill\n#\n##\nlist_files ()\n{\n    filelist=$(ls \"$1\")\n    while read line\n    do\n        eval \"$2[\\${#$2[*]}]=\\\"\\$line\\\"\"\n    done <<< \"$filelist\"\n}\n\n\n# Sanity check\n\nif [[ ! -f \"${BUILT_PRODUCTS_DIR}/${EXECUTABLE_PATH}\" ]]\nthen\n    echo \"Framework target \\\"${TARGET_NAME}\\\" had no source files to build from. Make sure your source files have the correct target membership\"\n    exit 1\nfi\n\n\n# Gather information\n\nif [[ \"$SDK_NAME\" =~ ([A-Za-z]+) ]]\nthen\n    UFW_SDK_PLATFORM=${BASH_REMATCH[1]}\nelse\n    echo \"Could not find platform name from SDK_NAME: $SDK_NAME\"\n    exit 1\nfi\n\nif [[ \"$SDK_NAME\" =~ ([0-9]+.*$) ]]\nthen\n    UFW_SDK_VERSION=${BASH_REMATCH[1]}\nelse\n    echo \"Could not find sdk version from SDK_NAME: $SDK_NAME\"\n    exit 1\nfi\n\nif [[ \"$UFW_SDK_PLATFORM\" = \"iphoneos\" ]]\nthen\n    UFW_OTHER_PLATFORM=iphonesimulator\nelse\n    UFW_OTHER_PLATFORM=iphoneos\nfi\n\nif [[ \"$BUILT_PRODUCTS_DIR\" =~ (.*)$UFW_SDK_PLATFORM$ ]]\nthen\n    UFW_OTHER_BUILT_PRODUCTS_DIR=\"${BASH_REMATCH[1]}${UFW_OTHER_PLATFORM}\"\nelse\n    echo \"Could not find $UFW_SDK_PLATFORM in $BUILT_PRODUCTS_DIR\"\n    exit 1\nfi\n\n\n# Short-circuit if all binaries are up to date.\n# We already checked the other platform in the prerun script.\n\nif [[ -f \"${BUILT_PRODUCTS_DIR}/${EXECUTABLE_PATH}\" ]] && [[ -f \"${BUILT_PRODUCTS_DIR}/${PRODUCT_NAME}.embeddedframework/${EXECUTABLE_PATH}\" ]] && [[ ! \"${BUILT_PRODUCTS_DIR}/${EXECUTABLE_PATH}\" -nt \"${BUILT_PRODUCTS_DIR}/${PRODUCT_NAME}.embeddedframework/${EXECUTABLE_PATH}\" ]]\nthen\n    exit 0\nfi\n\nvrun() {\n  echo $@\n  $@\n}\n\n# Make sure the other platform gets built\n\necho \"Build other platform\"\n\nvrun xcodebuild -project \"${PROJECT_FILE_PATH}\" -target \"${TARGET_NAME}\" -configuration \"${CONFIGURATION}\" -sdk ${UFW_OTHER_PLATFORM}${UFW_SDK_VERSION} BUILD_DIR=\"${BUILD_DIR}\" CONFIGURATION_TEMP_DIR=\"${PROJECT_TEMP_DIR}/${CONFIGURATION}-${UFW_OTHER_PLATFORM}\" $ACTION\n\n# Build the fat static library binary\n\necho \"Create universal static library\"\n\nvrun \"$PLATFORM_DEVELOPER_BIN_DIR/libtool\" -static \"${BUILT_PRODUCTS_DIR}/${EXECUTABLE_PATH}\" \"${UFW_OTHER_BUILT_PRODUCTS_DIR}/${EXECUTABLE_PATH}\" -o \"${BUILT_PRODUCTS_DIR}/${EXECUTABLE_PATH}.temp\"\n\nif [[ \"$COPY_PHASE_STRIP\" = \"YES\" ]]\nthen\n    vrun \"$PLATFORM_DEVELOPER_BIN_DIR/strip\" -S \"${BUILT_PRODUCTS_DIR}/${EXECUTABLE_PATH}.temp\"\nfi\n\nvrun mv \"${BUILT_PRODUCTS_DIR}/${EXECUTABLE_PATH}.temp\" \"${BUILT_PRODUCTS_DIR}/${EXECUTABLE_PATH}\"\n\n\n# Build framework structure\n\necho \"Build symlinks\"\n\nvrun ln -sfh A \"${BUILT_PRODUCTS_DIR}/${WRAPPER_NAME}/Versions/Current\"\nvrun ln -sfh Versions/Current/Headers \"${BUILT_PRODUCTS_DIR}/${WRAPPER_NAME}/Headers\"\nvrun ln -sfh Versions/Current/Resources \"${BUILT_PRODUCTS_DIR}/${WRAPPER_NAME}/Resources\"\nvrun ln -sfh \"Versions/Current/${EXECUTABLE_NAME}\" \"${BUILT_PRODUCTS_DIR}/${WRAPPER_NAME}/${EXECUTABLE_NAME}\"\n\n# Link to binary for unit tests\n\nmkdir -p \"${BUILT_PRODUCTS_DIR}/.fake_fw_testing.framework\"\nln -sfh \"../${WRAPPER_NAME}/${EXECUTABLE_NAME}\" \"${BUILT_PRODUCTS_DIR}/.fake_fw_testing.framework/.fake_fw_testing\"\n\n\n# Build embedded framework structure\n\necho \"Build Embedded Framework\"\n\necho rm -rf \"${BUILT_PRODUCTS_DIR}/${PRODUCT_NAME}.embeddedframework\"\nrm -rf \"${BUILT_PRODUCTS_DIR}/${PRODUCT_NAME}.embeddedframework\"\necho mkdir -p \"${BUILT_PRODUCTS_DIR}/${PRODUCT_NAME}.embeddedframework/Resources\"\nmkdir -p \"${BUILT_PRODUCTS_DIR}/${PRODUCT_NAME}.embeddedframework/Resources\"\necho cp -a \"${BUILT_PRODUCTS_DIR}/${WRAPPER_NAME}\" \"${BUILT_PRODUCTS_DIR}/${PRODUCT_NAME}.embeddedframework/\"\ncp -a \"${BUILT_PRODUCTS_DIR}/${WRAPPER_NAME}\" \"${BUILT_PRODUCTS_DIR}/${PRODUCT_NAME}.embeddedframework/\"\n\ndeclare -a UFW_FILE_LIST\nlist_files \"${BUILT_PRODUCTS_DIR}/${UNLOCALIZED_RESOURCES_FOLDER_PATH}\" UFW_FILE_LIST\nfor filename in \"${UFW_FILE_LIST[@]}\"\ndo\n    if [[ \"${filename}\" != \"Info.plist\" ]] && [[ ! \"${filename}\" =~ .*\\.lproj$ ]]\n    then\n        echo ln -sfh \"../${WRAPPER_NAME}/Resources/${filename}\" \"${BUILT_PRODUCTS_DIR}/${PRODUCT_NAME}.embeddedframework/Resources/${filename}\"\n        ln -sfh \"../${WRAPPER_NAME}/Resources/${filename}\" \"${BUILT_PRODUCTS_DIR}/${PRODUCT_NAME}.embeddedframework/Resources/${filename}\"\n    fi\ndone\n\n\n# Replace other platform's framework with a copy of this one (so that both have the same universal binary)\n\necho \"Copy from $UFW_SDK_PLATFORM to $UFW_OTHER_PLATFORM\"\n\necho rm -rf \"${BUILD_DIR}/${CONFIGURATION}-${UFW_OTHER_PLATFORM}\"\nrm -rf \"${BUILD_DIR}/${CONFIGURATION}-${UFW_OTHER_PLATFORM}\"\necho cp -a \"${BUILD_DIR}/${CONFIGURATION}-${UFW_SDK_PLATFORM}\" \"${BUILD_DIR}/${CONFIGURATION}-${UFW_OTHER_PLATFORM}\"\ncp -a \"${BUILD_DIR}/${CONFIGURATION}-${UFW_SDK_PLATFORM}\" \"${BUILD_DIR}/${CONFIGURATION}-${UFW_OTHER_PLATFORM}\"\n";
		};
/* End PBXShellScriptBuildPhase section */

/* Begin PBXSourcesBuildPhase section */
		CC158903150789ED00B3D188 /* Sources */ = {
			isa = PBXSourcesBuildPhase;
			buildActionMask = 2147483647;
			files = (
				78AC201B1622EFEA007DE419 /* ApplifierImpactOpenUDID.m in Sources */,
				78AC20221622EFF3007DE419 /* ApplifierImpactAnalyticsUploader.m in Sources */,
				78AC20241622EFF3007DE419 /* ApplifierImpactCache.m in Sources */,
				78AC202C1622EFFD007DE419 /* ApplifierImpactCampaign.m in Sources */,
				78AC202E1622EFFD007DE419 /* ApplifierImpactCampaignManager.m in Sources */,
				78AC20301622EFFD007DE419 /* ApplifierImpactRewardItem.m in Sources */,
				78AC20401622F01F007DE419 /* ApplifierImpact.m in Sources */,
				78AC20421622F01F007DE419 /* ApplifierImpactiOS4.m in Sources */,
				78AC20441622F01F007DE419 /* ApplifierImpactViewManager.m in Sources */,
				78CB843B16255FAA00E94915 /* ApplifierImpactURLProtocol.m in Sources */,
				786F5D65163142BB00FD34C4 /* ApplifierImpactDevice.m in Sources */,
				786F5D701635359500FD34C4 /* ApplifierImpactVideo.m in Sources */,
				786F5D931636A82200FD34C4 /* ApplifierImpactUtils.m in Sources */,
				786F5D991636AF9600FD34C4 /* ApplifierImpactWebAppController.m in Sources */,
				78057A131643CADB005EF487 /* ApplifierImpactProperties.m in Sources */,
				784E9315165245DC009667F6 /* ApplifierImpactSBJsonParser.m in Sources */,
				784E9317165245DC009667F6 /* ApplifierImpactSBJsonWriter.m in Sources */,
				784E9319165245DC009667F6 /* NSObject+ApplifierImpactSBJson.m in Sources */,
				784E9323165246A6009667F6 /* ApplifierImpactSBJsonStreamParser.m in Sources */,
				784E9325165246A6009667F6 /* ApplifierImpactSBJsonStreamParserAccumulator.m in Sources */,
				784E9327165246A6009667F6 /* ApplifierImpactSBJsonStreamParserAdapter.m in Sources */,
				784E9329165246A6009667F6 /* ApplifierImpactSBJsonStreamParserState.m in Sources */,
				784E932D165246F5009667F6 /* ApplifierImpactSBJsonTokeniser.m in Sources */,
				784E93351652482D009667F6 /* ApplifierImpactSBJsonStreamWriter.m in Sources */,
				784E93371652482D009667F6 /* ApplifierImpactSBJsonStreamWriterAccumulator.m in Sources */,
				784E93391652482D009667F6 /* ApplifierImpactSBJsonStreamWriterState.m in Sources */,
				784E933D1652487C009667F6 /* ApplifierImpactSBJsonUTF8Stream.m in Sources */,
			);
			runOnlyForDeploymentPostprocessing = 0;
		};
/* End PBXSourcesBuildPhase section */

/* Begin PBXVariantGroup section */
		CC15890F150789ED00B3D188 /* InfoPlist.strings */ = {
			isa = PBXVariantGroup;
			children = (
				CC158910150789ED00B3D188 /* en */,
			);
			name = InfoPlist.strings;
			sourceTree = "<group>";
		};
/* End PBXVariantGroup section */

/* Begin XCBuildConfiguration section */
		CC158913150789ED00B3D188 /* Debug */ = {
			isa = XCBuildConfiguration;
			buildSettings = {
				ALWAYS_SEARCH_USER_PATHS = NO;
				ARCHS = "$(ARCHS_STANDARD_32_BIT)";
				BUILD_DIR = "$(SRCROOT)/build";
				CLANG_ENABLE_OBJC_ARC = YES;
				COPY_PHASE_STRIP = YES;
				GCC_C_LANGUAGE_STANDARD = gnu99;
				GCC_DYNAMIC_NO_PIC = NO;
				GCC_OPTIMIZATION_LEVEL = 0;
				GCC_PREPROCESSOR_DEFINITIONS = (
					"DEBUG=1",
					"$(inherited)",
				);
				GCC_SYMBOLS_PRIVATE_EXTERN = NO;
				GCC_VERSION = com.apple.compilers.llvm.clang.1_0;
				GCC_WARN_ABOUT_RETURN_TYPE = YES;
				GCC_WARN_UNINITIALIZED_AUTOS = YES;
				GCC_WARN_UNUSED_VARIABLE = YES;
				IPHONEOS_DEPLOYMENT_TARGET = 4.0;
				SDKROOT = iphoneos;
				TARGETED_DEVICE_FAMILY = "1,2";
			};
			name = Debug;
		};
		CC158914150789ED00B3D188 /* Release */ = {
			isa = XCBuildConfiguration;
			buildSettings = {
				ALWAYS_SEARCH_USER_PATHS = NO;
				ARCHS = "$(ARCHS_STANDARD_32_BIT)";
				BUILD_DIR = "$(SRCROOT)/build";
				CLANG_ENABLE_OBJC_ARC = YES;
				COPY_PHASE_STRIP = YES;
				GCC_C_LANGUAGE_STANDARD = gnu99;
				GCC_VERSION = com.apple.compilers.llvm.clang.1_0;
				GCC_WARN_ABOUT_RETURN_TYPE = YES;
				GCC_WARN_UNINITIALIZED_AUTOS = YES;
				GCC_WARN_UNUSED_VARIABLE = YES;
				IPHONEOS_DEPLOYMENT_TARGET = 4.0;
				SDKROOT = iphoneos;
				TARGETED_DEVICE_FAMILY = "1,2";
				VALIDATE_PRODUCT = YES;
			};
			name = Release;
		};
		CC158916150789ED00B3D188 /* Debug */ = {
			isa = XCBuildConfiguration;
			buildSettings = {
				ARCHS = (
					armv6,
					"$(ARCHS_STANDARD_32_BIT)",
				);
				CONTENTS_FOLDER_PATH = "$(WRAPPER_NAME)/Versions/$(FRAMEWORK_VERSION)";
				DEAD_CODE_STRIPPING = NO;
				DYLIB_COMPATIBILITY_VERSION = 1;
				DYLIB_CURRENT_VERSION = 1;
				FRAMEWORK_VERSION = A;
				GCC_PRECOMPILE_PREFIX_HEADER = YES;
				GCC_PREFIX_HEADER = "ApplifierImpact/ApplifierImpact-Prefix.pch";
				GCC_THUMB_SUPPORT = NO;
				INFOPLIST_FILE = "ApplifierImpact/ApplifierImpact-Info.plist";
				INFOPLIST_PATH = "$(UNLOCALIZED_RESOURCES_FOLDER_PATH)/Info.plist";
				INSTALL_PATH = "$(BUILT_PRODUCTS_DIR)";
				LINK_WITH_STANDARD_LIBRARIES = NO;
				MACH_O_TYPE = mh_object;
				PRODUCT_NAME = "$(TARGET_NAME)";
				SKIP_INSTALL = YES;
				UNLOCALIZED_RESOURCES_FOLDER_PATH = "$(CONTENTS_FOLDER_PATH)/Resources";
				WRAPPER_EXTENSION = framework;
			};
			name = Debug;
		};
		CC158917150789ED00B3D188 /* Release */ = {
			isa = XCBuildConfiguration;
			buildSettings = {
				ARCHS = (
					armv6,
					"$(ARCHS_STANDARD_32_BIT)",
				);
				CONTENTS_FOLDER_PATH = "$(WRAPPER_NAME)/Versions/$(FRAMEWORK_VERSION)";
				DEAD_CODE_STRIPPING = NO;
				DYLIB_COMPATIBILITY_VERSION = 1;
				DYLIB_CURRENT_VERSION = 1;
				FRAMEWORK_VERSION = A;
				GCC_PRECOMPILE_PREFIX_HEADER = YES;
				GCC_PREFIX_HEADER = "ApplifierImpact/ApplifierImpact-Prefix.pch";
				GCC_THUMB_SUPPORT = NO;
				INFOPLIST_FILE = "ApplifierImpact/ApplifierImpact-Info.plist";
				INFOPLIST_PATH = "$(UNLOCALIZED_RESOURCES_FOLDER_PATH)/Info.plist";
				INSTALL_PATH = "$(BUILT_PRODUCTS_DIR)";
				LINK_WITH_STANDARD_LIBRARIES = NO;
				MACH_O_TYPE = mh_object;
				PRODUCT_NAME = "$(TARGET_NAME)";
				SKIP_INSTALL = YES;
				UNLOCALIZED_RESOURCES_FOLDER_PATH = "$(CONTENTS_FOLDER_PATH)/Resources";
				WRAPPER_EXTENSION = framework;
			};
			name = Release;
		};
/* End XCBuildConfiguration section */

/* Begin XCConfigurationList section */
		CC158900150789ED00B3D188 /* Build configuration list for PBXProject "ApplifierImpact" */ = {
			isa = XCConfigurationList;
			buildConfigurations = (
				CC158913150789ED00B3D188 /* Debug */,
				CC158914150789ED00B3D188 /* Release */,
			);
			defaultConfigurationIsVisible = 0;
			defaultConfigurationName = Release;
		};
		CC158915150789ED00B3D188 /* Build configuration list for PBXNativeTarget "ApplifierImpact" */ = {
			isa = XCConfigurationList;
			buildConfigurations = (
				CC158916150789ED00B3D188 /* Debug */,
				CC158917150789ED00B3D188 /* Release */,
			);
			defaultConfigurationIsVisible = 0;
			defaultConfigurationName = Release;
		};
/* End XCConfigurationList section */
	};
	rootObject = CC1588FD150789ED00B3D188 /* Project object */;
}
