// !$*UTF8*$!
{
	archiveVersion = 1;
	classes = {
	};
	objectVersion = 46;
	objects = {

/* Begin PBXBuildFile section */
		7887F89716EA04E7005F7586 /* UIKit.framework in Frameworks */ = {isa = PBXBuildFile; fileRef = 7887F89616EA04E7005F7586 /* UIKit.framework */; };
		7887F89916EA04E7005F7586 /* Foundation.framework in Frameworks */ = {isa = PBXBuildFile; fileRef = 7887F89816EA04E7005F7586 /* Foundation.framework */; };
		7887F89B16EA04E7005F7586 /* CoreGraphics.framework in Frameworks */ = {isa = PBXBuildFile; fileRef = 7887F89A16EA04E7005F7586 /* CoreGraphics.framework */; };
		7887F8B516EA073E005F7586 /* ApplifierImpactUnity3DWrapper.m in Sources */ = {isa = PBXBuildFile; fileRef = 7887F8B416EA073E005F7586 /* ApplifierImpactUnity3DWrapper.m */; };
		7887F8B716EA0777005F7586 /* ApplifierImpact.framework in Frameworks */ = {isa = PBXBuildFile; fileRef = 7887F8B616EA0777005F7586 /* ApplifierImpact.framework */; settings = {ATTRIBUTES = (Required, ); }; };
/* End PBXBuildFile section */

/* Begin PBXFileReference section */
		7887F89316EA04E7005F7586 /* ApplifierImpactUnity.app */ = {isa = PBXFileReference; explicitFileType = wrapper.application; includeInIndex = 0; path = ApplifierImpactUnity.app; sourceTree = BUILT_PRODUCTS_DIR; };
		7887F89616EA04E7005F7586 /* UIKit.framework */ = {isa = PBXFileReference; lastKnownFileType = wrapper.framework; name = UIKit.framework; path = System/Library/Frameworks/UIKit.framework; sourceTree = SDKROOT; };
		7887F89816EA04E7005F7586 /* Foundation.framework */ = {isa = PBXFileReference; lastKnownFileType = wrapper.framework; name = Foundation.framework; path = System/Library/Frameworks/Foundation.framework; sourceTree = SDKROOT; };
		7887F89A16EA04E7005F7586 /* CoreGraphics.framework */ = {isa = PBXFileReference; lastKnownFileType = wrapper.framework; name = CoreGraphics.framework; path = System/Library/Frameworks/CoreGraphics.framework; sourceTree = SDKROOT; };
		7887F8B316EA073E005F7586 /* ApplifierImpactUnity3DWrapper.h */ = {isa = PBXFileReference; fileEncoding = 4; lastKnownFileType = sourcecode.c.h; path = ApplifierImpactUnity3DWrapper.h; sourceTree = "<group>"; };
		7887F8B416EA073E005F7586 /* ApplifierImpactUnity3DWrapper.m */ = {isa = PBXFileReference; fileEncoding = 4; lastKnownFileType = sourcecode.c.objc; path = ApplifierImpactUnity3DWrapper.m; sourceTree = "<group>"; };
		7887F8B616EA0777005F7586 /* ApplifierImpact.framework */ = {isa = PBXFileReference; lastKnownFileType = wrapper.framework; name = ApplifierImpact.framework; path = "../build/Release-iphoneos/ApplifierImpact.framework"; sourceTree = "<group>"; };
/* End PBXFileReference section */

/* Begin PBXFrameworksBuildPhase section */
		7887F89016EA04E7005F7586 /* Frameworks */ = {
			isa = PBXFrameworksBuildPhase;
			buildActionMask = 2147483647;
			files = (
				7887F8B716EA0777005F7586 /* ApplifierImpact.framework in Frameworks */,
				7887F89716EA04E7005F7586 /* UIKit.framework in Frameworks */,
				7887F89916EA04E7005F7586 /* Foundation.framework in Frameworks */,
				7887F89B16EA04E7005F7586 /* CoreGraphics.framework in Frameworks */,
			);
			runOnlyForDeploymentPostprocessing = 0;
		};
/* End PBXFrameworksBuildPhase section */

/* Begin PBXGroup section */
		7887F88A16EA04E7005F7586 = {
			isa = PBXGroup;
			children = (
				7887F89C16EA04E7005F7586 /* ApplifierImpactUnity */,
				7887F89516EA04E7005F7586 /* Frameworks */,
				7887F89416EA04E7005F7586 /* Products */,
			);
			sourceTree = "<group>";
		};
		7887F89416EA04E7005F7586 /* Products */ = {
			isa = PBXGroup;
			children = (
				7887F89316EA04E7005F7586 /* ApplifierImpactUnity.app */,
			);
			name = Products;
			sourceTree = "<group>";
		};
		7887F89516EA04E7005F7586 /* Frameworks */ = {
			isa = PBXGroup;
			children = (
				7887F8B616EA0777005F7586 /* ApplifierImpact.framework */,
				7887F89616EA04E7005F7586 /* UIKit.framework */,
				7887F89816EA04E7005F7586 /* Foundation.framework */,
				7887F89A16EA04E7005F7586 /* CoreGraphics.framework */,
			);
			name = Frameworks;
			sourceTree = "<group>";
		};
		7887F89C16EA04E7005F7586 /* ApplifierImpactUnity */ = {
			isa = PBXGroup;
			children = (
				7887F8B316EA073E005F7586 /* ApplifierImpactUnity3DWrapper.h */,
				7887F8B416EA073E005F7586 /* ApplifierImpactUnity3DWrapper.m */,
			);
			path = ApplifierImpactUnity;
			sourceTree = "<group>";
		};
/* End PBXGroup section */

/* Begin PBXNativeTarget section */
		7887F89216EA04E7005F7586 /* ApplifierImpactUnity */ = {
			isa = PBXNativeTarget;
			buildConfigurationList = 7887F8B016EA04E7005F7586 /* Build configuration list for PBXNativeTarget "ApplifierImpactUnity" */;
			buildPhases = (
				7887F88F16EA04E7005F7586 /* Sources */,
				7887F89016EA04E7005F7586 /* Frameworks */,
				7887F89116EA04E7005F7586 /* Resources */,
			);
			buildRules = (
			);
			dependencies = (
			);
			name = ApplifierImpactUnity;
			productName = ApplifierImpactUnity;
			productReference = 7887F89316EA04E7005F7586 /* ApplifierImpactUnity.app */;
			productType = "com.apple.product-type.application";
		};
/* End PBXNativeTarget section */

/* Begin PBXProject section */
		7887F88B16EA04E7005F7586 /* Project object */ = {
			isa = PBXProject;
			attributes = {
				LastUpgradeCheck = 0460;
				ORGANIZATIONNAME = "Pekka Palmu";
			};
			buildConfigurationList = 7887F88E16EA04E7005F7586 /* Build configuration list for PBXProject "ApplifierImpactUnity" */;
			compatibilityVersion = "Xcode 3.2";
			developmentRegion = English;
			hasScannedForEncodings = 0;
			knownRegions = (
				en,
			);
			mainGroup = 7887F88A16EA04E7005F7586;
			productRefGroup = 7887F89416EA04E7005F7586 /* Products */;
			projectDirPath = "";
			projectRoot = "";
			targets = (
				7887F89216EA04E7005F7586 /* ApplifierImpactUnity */,
			);
		};
/* End PBXProject section */

/* Begin PBXResourcesBuildPhase section */
		7887F89116EA04E7005F7586 /* Resources */ = {
			isa = PBXResourcesBuildPhase;
			buildActionMask = 2147483647;
			files = (
			);
			runOnlyForDeploymentPostprocessing = 0;
		};
/* End PBXResourcesBuildPhase section */

/* Begin PBXSourcesBuildPhase section */
		7887F88F16EA04E7005F7586 /* Sources */ = {
			isa = PBXSourcesBuildPhase;
			buildActionMask = 2147483647;
			files = (
				7887F8B516EA073E005F7586 /* ApplifierImpactUnity3DWrapper.m in Sources */,
			);
			runOnlyForDeploymentPostprocessing = 0;
		};
/* End PBXSourcesBuildPhase section */

/* Begin XCBuildConfiguration section */
		7887F8AE16EA04E7005F7586 /* Debug */ = {
			isa = XCBuildConfiguration;
			buildSettings = {
				ALWAYS_SEARCH_USER_PATHS = NO;
				CLANG_CXX_LANGUAGE_STANDARD = "gnu++0x";
				CLANG_CXX_LIBRARY = "libc++";
				CLANG_ENABLE_OBJC_ARC = YES;
				CLANG_WARN_CONSTANT_CONVERSION = YES;
				CLANG_WARN_EMPTY_BODY = YES;
				CLANG_WARN_ENUM_CONVERSION = YES;
				CLANG_WARN_INT_CONVERSION = YES;
				CLANG_WARN__DUPLICATE_METHOD_MATCH = YES;
				"CODE_SIGN_IDENTITY[sdk=iphoneos*]" = "iPhone Developer";
				COPY_PHASE_STRIP = NO;
				GCC_C_LANGUAGE_STANDARD = gnu99;
				GCC_DYNAMIC_NO_PIC = NO;
				GCC_OPTIMIZATION_LEVEL = 0;
				GCC_PREPROCESSOR_DEFINITIONS = (
					"DEBUG=1",
					"$(inherited)",
				);
				GCC_SYMBOLS_PRIVATE_EXTERN = NO;
				GCC_WARN_ABOUT_RETURN_TYPE = YES;
				GCC_WARN_UNINITIALIZED_AUTOS = YES;
				GCC_WARN_UNUSED_VARIABLE = YES;
				IPHONEOS_DEPLOYMENT_TARGET = 6.1;
				ONLY_ACTIVE_ARCH = YES;
				SDKROOT = iphoneos;
				TARGETED_DEVICE_FAMILY = "1,2";
			};
			name = Debug;
		};
		7887F8AF16EA04E7005F7586 /* Release */ = {
			isa = XCBuildConfiguration;
			buildSettings = {
				ALWAYS_SEARCH_USER_PATHS = NO;
				CLANG_CXX_LANGUAGE_STANDARD = "gnu++0x";
				CLANG_CXX_LIBRARY = "libc++";
				CLANG_ENABLE_OBJC_ARC = YES;
				CLANG_WARN_CONSTANT_CONVERSION = YES;
				CLANG_WARN_EMPTY_BODY = YES;
				CLANG_WARN_ENUM_CONVERSION = YES;
				CLANG_WARN_INT_CONVERSION = YES;
				CLANG_WARN__DUPLICATE_METHOD_MATCH = YES;
				"CODE_SIGN_IDENTITY[sdk=iphoneos*]" = "iPhone Developer";
				COPY_PHASE_STRIP = YES;
				GCC_C_LANGUAGE_STANDARD = gnu99;
				GCC_WARN_ABOUT_RETURN_TYPE = YES;
				GCC_WARN_UNINITIALIZED_AUTOS = YES;
				GCC_WARN_UNUSED_VARIABLE = YES;
				IPHONEOS_DEPLOYMENT_TARGET = 6.1;
				OTHER_CFLAGS = "-DNS_BLOCK_ASSERTIONS=1";
				SDKROOT = iphoneos;
				TARGETED_DEVICE_FAMILY = "1,2";
				VALIDATE_PRODUCT = YES;
			};
			name = Release;
		};
		7887F8B116EA04E7005F7586 /* Debug */ = {
			isa = XCBuildConfiguration;
			buildSettings = {
				FRAMEWORK_SEARCH_PATHS = (
					"$(inherited)",
					"\"$(SRCROOT)/../build/Release-iphoneos\"",
				);
				GCC_PRECOMPILE_PREFIX_HEADER = YES;
				GCC_PREFIX_HEADER = "ApplifierImpactUnity/ApplifierImpactUnity-Prefix.pch";
				INFOPLIST_FILE = "ApplifierImpactUnity/ApplifierImpactUnity-Info.plist";
				PRODUCT_NAME = "$(TARGET_NAME)";
				WRAPPER_EXTENSION = app;
			};
			name = Debug;
		};
		7887F8B216EA04E7005F7586 /* Release */ = {
			isa = XCBuildConfiguration;
			buildSettings = {
				FRAMEWORK_SEARCH_PATHS = (
					"$(inherited)",
					"\"$(SRCROOT)/../build/Release-iphoneos\"",
				);
				GCC_PRECOMPILE_PREFIX_HEADER = YES;
				GCC_PREFIX_HEADER = "ApplifierImpactUnity/ApplifierImpactUnity-Prefix.pch";
				INFOPLIST_FILE = "ApplifierImpactUnity/ApplifierImpactUnity-Info.plist";
				PRODUCT_NAME = "$(TARGET_NAME)";
				WRAPPER_EXTENSION = app;
			};
			name = Release;
		};
/* End XCBuildConfiguration section */

/* Begin XCConfigurationList section */
		7887F88E16EA04E7005F7586 /* Build configuration list for PBXProject "ApplifierImpactUnity" */ = {
			isa = XCConfigurationList;
			buildConfigurations = (
				7887F8AE16EA04E7005F7586 /* Debug */,
				7887F8AF16EA04E7005F7586 /* Release */,
			);
			defaultConfigurationIsVisible = 0;
			defaultConfigurationName = Release;
		};
		7887F8B016EA04E7005F7586 /* Build configuration list for PBXNativeTarget "ApplifierImpactUnity" */ = {
			isa = XCConfigurationList;
			buildConfigurations = (
				7887F8B116EA04E7005F7586 /* Debug */,
				7887F8B216EA04E7005F7586 /* Release */,
			);
			defaultConfigurationIsVisible = 0;
			defaultConfigurationName = Release;
		};
/* End XCConfigurationList section */
	};
	rootObject = 7887F88B16EA04E7005F7586 /* Project object */;
}
